// !$*UTF8*$!
{
	archiveVersion = 1;
	classes = {
	};
	objectVersion = 56;
	objects = {

/* Begin PBXBuildFile section */
		51219E692C61BA72005EDDCD /* CircleImage.swift in Sources */ = {isa = PBXBuildFile; fileRef = 51219E3C2C61BA72005EDDCD /* CircleImage.swift */; };
		51219E6A2C61BA72005EDDCD /* CircleImageListView.swift in Sources */ = {isa = PBXBuildFile; fileRef = 51219E3D2C61BA72005EDDCD /* CircleImageListView.swift */; };
		51219E6B2C61BA72005EDDCD /* FavoriteButton.swift in Sources */ = {isa = PBXBuildFile; fileRef = 51219E3E2C61BA72005EDDCD /* FavoriteButton.swift */; };
		51219E6C2C61BA72005EDDCD /* MapView.swift in Sources */ = {isa = PBXBuildFile; fileRef = 51219E3F2C61BA72005EDDCD /* MapView.swift */; };
		51219E6D2C61BA72005EDDCD /* 샘플데이타.md in Resources */ = {isa = PBXBuildFile; fileRef = 51219E412C61BA72005EDDCD /* 샘플데이타.md */; };
		51219E6E2C61BA72005EDDCD /* AlertError.swift in Sources */ = {isa = PBXBuildFile; fileRef = 51219E422C61BA72005EDDCD /* AlertError.swift */; };
		51219E6F2C61BA72005EDDCD /* Array+Extension.swift in Sources */ = {isa = PBXBuildFile; fileRef = 51219E432C61BA72005EDDCD /* Array+Extension.swift */; };
		51219E702C61BA72005EDDCD /* Date+Extension.swift in Sources */ = {isa = PBXBuildFile; fileRef = 51219E442C61BA72005EDDCD /* Date+Extension.swift */; };
		51219E712C61BA72005EDDCD /* EditButton.swift in Sources */ = {isa = PBXBuildFile; fileRef = 51219E452C61BA72005EDDCD /* EditButton.swift */; };
		51219E722C61BA72005EDDCD /* EventDataStore.swift in Sources */ = {isa = PBXBuildFile; fileRef = 51219E462C61BA72005EDDCD /* EventDataStore.swift */; };
		51219E732C61BA72005EDDCD /* EventDataStore+FullAccess.swift in Sources */ = {isa = PBXBuildFile; fileRef = 51219E472C61BA72005EDDCD /* EventDataStore+FullAccess.swift */; };
		51219E752C61BA72005EDDCD /* EventStoreError.swift in Sources */ = {isa = PBXBuildFile; fileRef = 51219E492C61BA72005EDDCD /* EventStoreError.swift */; };
		51219E762C61BA72005EDDCD /* EventStoreManager.swift in Sources */ = {isa = PBXBuildFile; fileRef = 51219E4A2C61BA72005EDDCD /* EventStoreManager.swift */; };
		51219E772C61BA72005EDDCD /* EventStoreManager+FullAccess.swift in Sources */ = {isa = PBXBuildFile; fileRef = 51219E4B2C61BA72005EDDCD /* EventStoreManager+FullAccess.swift */; };
		51219E7F2C61BA72005EDDCD /* MessageView.swift in Sources */ = {isa = PBXBuildFile; fileRef = 51219E532C61BA72005EDDCD /* MessageView.swift */; };
		51219E802C61BA72005EDDCD /* TimeInterval+Extension.swift in Sources */ = {isa = PBXBuildFile; fileRef = 51219E542C61BA72005EDDCD /* TimeInterval+Extension.swift */; };
		51219E872C61BA72005EDDCD /* MemberPopUpView.swift in Sources */ = {isa = PBXBuildFile; fileRef = 51219E5C2C61BA72005EDDCD /* MemberPopUpView.swift */; };
		51219E8C2C61BA72005EDDCD /* EventViewModel.swift in Sources */ = {isa = PBXBuildFile; fileRef = 51219E622C61BA72005EDDCD /* EventViewModel.swift */; };
		51219E8E2C61BA72005EDDCD /* SharedDateModel.swift in Sources */ = {isa = PBXBuildFile; fileRef = 51219E642C61BA72005EDDCD /* SharedDateModel.swift */; };
		51219E8F2C61BA72005EDDCD /* TimeTableHeaderVM.swift in Sources */ = {isa = PBXBuildFile; fileRef = 51219E652C61BA72005EDDCD /* TimeTableHeaderVM.swift */; };
		51219E922C61BAA8005EDDCD /* GroupVoteView.swift in Sources */ = {isa = PBXBuildFile; fileRef = 51219E912C61BAA8005EDDCD /* GroupVoteView.swift */; };
		51219E942C61BB37005EDDCD /* GroupSetView.swift in Sources */ = {isa = PBXBuildFile; fileRef = 51219E932C61BB37005EDDCD /* GroupSetView.swift */; };
		5191A4582C5226D000550071 /* AppViewModel.swift in Sources */ = {isa = PBXBuildFile; fileRef = 5191A4572C5226D000550071 /* AppViewModel.swift */; };
		5191A45A2C522B8900550071 /* LoginView.swift in Sources */ = {isa = PBXBuildFile; fileRef = 5191A4592C522B8900550071 /* LoginView.swift */; };
		5191A45C2C522BBE00550071 /* MainView.swift in Sources */ = {isa = PBXBuildFile; fileRef = 5191A45B2C522BBE00550071 /* MainView.swift */; };
		51FD50AA2C53828A008C5552 /* PlaceSearchView.swift in Sources */ = {isa = PBXBuildFile; fileRef = 51FD50A92C53828A008C5552 /* PlaceSearchView.swift */; };
		51FD50AC2C5382A1008C5552 /* PlaceAddView.swift in Sources */ = {isa = PBXBuildFile; fileRef = 51FD50AB2C5382A1008C5552 /* PlaceAddView.swift */; };
		51FD50B02C5382F4008C5552 /* MapWideView.swift in Sources */ = {isa = PBXBuildFile; fileRef = 51FD50AF2C5382F4008C5552 /* MapWideView.swift */; };
		51FD50B22C538326008C5552 /* MemberPopupView.swift in Sources */ = {isa = PBXBuildFile; fileRef = 51FD50B12C538326008C5552 /* MemberPopupView.swift */; };
		51FD50B42C53833E008C5552 /* GroupConfirmView.swift in Sources */ = {isa = PBXBuildFile; fileRef = 51FD50B32C53833E008C5552 /* GroupConfirmView.swift */; };
		51FD50B62C53835F008C5552 /* GroupResultView.swift in Sources */ = {isa = PBXBuildFile; fileRef = 51FD50B52C53835F008C5552 /* GroupResultView.swift */; };
		BF4DAE412C5B1F6D002371DC /* SignInInfo.swift in Sources */ = {isa = PBXBuildFile; fileRef = BF4DAE402C5B1F6D002371DC /* SignInInfo.swift */; };
		BF4DAE432C5BA6F7002371DC /* Helper+Encryption.swift in Sources */ = {isa = PBXBuildFile; fileRef = BF4DAE422C5BA6F7002371DC /* Helper+Encryption.swift */; };
		BF59C83A2C58688C00767A19 /* Secrets.xcconfig in Resources */ = {isa = PBXBuildFile; fileRef = BF59C8392C58688C00767A19 /* Secrets.xcconfig */; };
		BF59C83B2C58688C00767A19 /* Secrets.xcconfig in Resources */ = {isa = PBXBuildFile; fileRef = BF59C8392C58688C00767A19 /* Secrets.xcconfig */; };
		BFB70E622C56B34E00D3C616 /* AuthViewModel.swift in Sources */ = {isa = PBXBuildFile; fileRef = BFB70E612C56B34E00D3C616 /* AuthViewModel.swift */; };
		BFB70E672C5746D600D3C616 /* Colorsets.xcassets in Resources */ = {isa = PBXBuildFile; fileRef = BFB70E662C5746D600D3C616 /* Colorsets.xcassets */; };
		BFB70E722C57509800D3C616 /* Pretendard-Bold.otf in Resources */ = {isa = PBXBuildFile; fileRef = BFB70E692C57509700D3C616 /* Pretendard-Bold.otf */; };
		BFB70E732C57509800D3C616 /* Pretendard-SemiBold.otf in Resources */ = {isa = PBXBuildFile; fileRef = BFB70E6A2C57509700D3C616 /* Pretendard-SemiBold.otf */; };
		BFB70E742C57509800D3C616 /* Pretendard-ExtraLight.otf in Resources */ = {isa = PBXBuildFile; fileRef = BFB70E6B2C57509700D3C616 /* Pretendard-ExtraLight.otf */; };
		BFB70E752C57509800D3C616 /* Pretendard-Medium.otf in Resources */ = {isa = PBXBuildFile; fileRef = BFB70E6C2C57509700D3C616 /* Pretendard-Medium.otf */; };
		BFB70E762C57509800D3C616 /* Pretendard-ExtraBold.otf in Resources */ = {isa = PBXBuildFile; fileRef = BFB70E6D2C57509700D3C616 /* Pretendard-ExtraBold.otf */; };
		BFB70E772C57509800D3C616 /* Pretendard-Black.otf in Resources */ = {isa = PBXBuildFile; fileRef = BFB70E6E2C57509800D3C616 /* Pretendard-Black.otf */; };
		BFB70E782C57509800D3C616 /* Pretendard-Light.otf in Resources */ = {isa = PBXBuildFile; fileRef = BFB70E6F2C57509800D3C616 /* Pretendard-Light.otf */; };
		BFB70E792C57509800D3C616 /* Pretendard-Regular.otf in Resources */ = {isa = PBXBuildFile; fileRef = BFB70E702C57509800D3C616 /* Pretendard-Regular.otf */; };
		BFB70E7A2C57509800D3C616 /* Pretendard-Thin.otf in Resources */ = {isa = PBXBuildFile; fileRef = BFB70E712C57509800D3C616 /* Pretendard-Thin.otf */; };
		BFB70E7D2C5751DB00D3C616 /* Helper+CustomFont.swift in Sources */ = {isa = PBXBuildFile; fileRef = BFB70E7C2C5751DB00D3C616 /* Helper+CustomFont.swift */; };
		BFD683F32C59203A001B31DE /* APIEndpoints.swift in Sources */ = {isa = PBXBuildFile; fileRef = BFD683F22C59203A001B31DE /* APIEndpoints.swift */; };
		BFD683F62C59CEC4001B31DE /* MemberResponse.swift in Sources */ = {isa = PBXBuildFile; fileRef = BFD683F52C59CEC4001B31DE /* MemberResponse.swift */; };
		BFD683F82C59D84F001B31DE /* BaseResponse.swift in Sources */ = {isa = PBXBuildFile; fileRef = BFD683F72C59D84F001B31DE /* BaseResponse.swift */; };
		CECB7CCC2C62FAFC0013FAF9 /* TimeTableView.swift in Sources */ = {isa = PBXBuildFile; fileRef = CECB7CCB2C62FAFC0013FAF9 /* TimeTableView.swift */; };
		CECB7CCE2C6301A30013FAF9 /* TimeTableConfirmView.swift in Sources */ = {isa = PBXBuildFile; fileRef = CECB7CCD2C6301A30013FAF9 /* TimeTableConfirmView.swift */; };
		F3D0DEEF2C44AF1800D5EB97 /* moyeoApp.swift in Sources */ = {isa = PBXBuildFile; fileRef = F3D0DEEE2C44AF1800D5EB97 /* moyeoApp.swift */; };
		F3D0DEF12C44AF1800D5EB97 /* ContentView.swift in Sources */ = {isa = PBXBuildFile; fileRef = F3D0DEF02C44AF1800D5EB97 /* ContentView.swift */; };
		F3D0DEF32C44AF1A00D5EB97 /* Assets.xcassets in Resources */ = {isa = PBXBuildFile; fileRef = F3D0DEF22C44AF1A00D5EB97 /* Assets.xcassets */; };
		F3D0DEF62C44AF1A00D5EB97 /* Preview Assets.xcassets in Resources */ = {isa = PBXBuildFile; fileRef = F3D0DEF52C44AF1A00D5EB97 /* Preview Assets.xcassets */; };
		F3D0DF002C44AF1A00D5EB97 /* moyeoTests.swift in Sources */ = {isa = PBXBuildFile; fileRef = F3D0DEFF2C44AF1A00D5EB97 /* moyeoTests.swift */; };
		F3D0DF0A2C44AF1A00D5EB97 /* moyeoUITests.swift in Sources */ = {isa = PBXBuildFile; fileRef = F3D0DF092C44AF1A00D5EB97 /* moyeoUITests.swift */; };
		F3D0DF0C2C44AF1A00D5EB97 /* moyeoUITestsLaunchTests.swift in Sources */ = {isa = PBXBuildFile; fileRef = F3D0DF0B2C44AF1A00D5EB97 /* moyeoUITestsLaunchTests.swift */; };
/* End PBXBuildFile section */

/* Begin PBXContainerItemProxy section */
		F3D0DEFC2C44AF1A00D5EB97 /* PBXContainerItemProxy */ = {
			isa = PBXContainerItemProxy;
			containerPortal = F3D0DEE32C44AF1800D5EB97 /* Project object */;
			proxyType = 1;
			remoteGlobalIDString = F3D0DEEA2C44AF1800D5EB97;
			remoteInfo = moyeo;
		};
		F3D0DF062C44AF1A00D5EB97 /* PBXContainerItemProxy */ = {
			isa = PBXContainerItemProxy;
			containerPortal = F3D0DEE32C44AF1800D5EB97 /* Project object */;
			proxyType = 1;
			remoteGlobalIDString = F3D0DEEA2C44AF1800D5EB97;
			remoteInfo = moyeo;
		};
/* End PBXContainerItemProxy section */

/* Begin PBXFileReference section */
		51219E3C2C61BA72005EDDCD /* CircleImage.swift */ = {isa = PBXFileReference; fileEncoding = 4; lastKnownFileType = sourcecode.swift; path = CircleImage.swift; sourceTree = "<group>"; };
		51219E3D2C61BA72005EDDCD /* CircleImageListView.swift */ = {isa = PBXFileReference; fileEncoding = 4; lastKnownFileType = sourcecode.swift; path = CircleImageListView.swift; sourceTree = "<group>"; };
		51219E3E2C61BA72005EDDCD /* FavoriteButton.swift */ = {isa = PBXFileReference; fileEncoding = 4; lastKnownFileType = sourcecode.swift; path = FavoriteButton.swift; sourceTree = "<group>"; };
		51219E3F2C61BA72005EDDCD /* MapView.swift */ = {isa = PBXFileReference; fileEncoding = 4; lastKnownFileType = sourcecode.swift; path = MapView.swift; sourceTree = "<group>"; };
		51219E412C61BA72005EDDCD /* 샘플데이타.md */ = {isa = PBXFileReference; fileEncoding = 4; lastKnownFileType = net.daringfireball.markdown; path = "샘플데이타.md"; sourceTree = "<group>"; };
		51219E422C61BA72005EDDCD /* AlertError.swift */ = {isa = PBXFileReference; fileEncoding = 4; lastKnownFileType = sourcecode.swift; path = AlertError.swift; sourceTree = "<group>"; };
		51219E432C61BA72005EDDCD /* Array+Extension.swift */ = {isa = PBXFileReference; fileEncoding = 4; lastKnownFileType = sourcecode.swift; path = "Array+Extension.swift"; sourceTree = "<group>"; };
		51219E442C61BA72005EDDCD /* Date+Extension.swift */ = {isa = PBXFileReference; fileEncoding = 4; lastKnownFileType = sourcecode.swift; path = "Date+Extension.swift"; sourceTree = "<group>"; };
		51219E452C61BA72005EDDCD /* EditButton.swift */ = {isa = PBXFileReference; fileEncoding = 4; lastKnownFileType = sourcecode.swift; path = EditButton.swift; sourceTree = "<group>"; };
		51219E462C61BA72005EDDCD /* EventDataStore.swift */ = {isa = PBXFileReference; fileEncoding = 4; lastKnownFileType = sourcecode.swift; path = EventDataStore.swift; sourceTree = "<group>"; };
		51219E472C61BA72005EDDCD /* EventDataStore+FullAccess.swift */ = {isa = PBXFileReference; fileEncoding = 4; lastKnownFileType = sourcecode.swift; path = "EventDataStore+FullAccess.swift"; sourceTree = "<group>"; };
		51219E492C61BA72005EDDCD /* EventStoreError.swift */ = {isa = PBXFileReference; fileEncoding = 4; lastKnownFileType = sourcecode.swift; path = EventStoreError.swift; sourceTree = "<group>"; };
		51219E4A2C61BA72005EDDCD /* EventStoreManager.swift */ = {isa = PBXFileReference; fileEncoding = 4; lastKnownFileType = sourcecode.swift; path = EventStoreManager.swift; sourceTree = "<group>"; };
		51219E4B2C61BA72005EDDCD /* EventStoreManager+FullAccess.swift */ = {isa = PBXFileReference; fileEncoding = 4; lastKnownFileType = sourcecode.swift; path = "EventStoreManager+FullAccess.swift"; sourceTree = "<group>"; };
		51219E532C61BA72005EDDCD /* MessageView.swift */ = {isa = PBXFileReference; fileEncoding = 4; lastKnownFileType = sourcecode.swift; path = MessageView.swift; sourceTree = "<group>"; };
		51219E542C61BA72005EDDCD /* TimeInterval+Extension.swift */ = {isa = PBXFileReference; fileEncoding = 4; lastKnownFileType = sourcecode.swift; path = "TimeInterval+Extension.swift"; sourceTree = "<group>"; };
		51219E5C2C61BA72005EDDCD /* MemberPopUpView.swift */ = {isa = PBXFileReference; fileEncoding = 4; lastKnownFileType = sourcecode.swift; path = MemberPopUpView.swift; sourceTree = "<group>"; };
		51219E622C61BA72005EDDCD /* EventViewModel.swift */ = {isa = PBXFileReference; fileEncoding = 4; lastKnownFileType = sourcecode.swift; path = EventViewModel.swift; sourceTree = "<group>"; };
		51219E642C61BA72005EDDCD /* SharedDateModel.swift */ = {isa = PBXFileReference; fileEncoding = 4; lastKnownFileType = sourcecode.swift; path = SharedDateModel.swift; sourceTree = "<group>"; };
		51219E652C61BA72005EDDCD /* TimeTableHeaderVM.swift */ = {isa = PBXFileReference; fileEncoding = 4; lastKnownFileType = sourcecode.swift; path = TimeTableHeaderVM.swift; sourceTree = "<group>"; };
		51219E912C61BAA8005EDDCD /* GroupVoteView.swift */ = {isa = PBXFileReference; fileEncoding = 4; lastKnownFileType = sourcecode.swift; path = GroupVoteView.swift; sourceTree = "<group>"; };
		51219E932C61BB37005EDDCD /* GroupSetView.swift */ = {isa = PBXFileReference; fileEncoding = 4; lastKnownFileType = sourcecode.swift; path = GroupSetView.swift; sourceTree = "<group>"; };
		5191A4572C5226D000550071 /* AppViewModel.swift */ = {isa = PBXFileReference; lastKnownFileType = sourcecode.swift; path = AppViewModel.swift; sourceTree = "<group>"; };
		5191A4592C522B8900550071 /* LoginView.swift */ = {isa = PBXFileReference; lastKnownFileType = sourcecode.swift; path = LoginView.swift; sourceTree = "<group>"; };
		5191A45B2C522BBE00550071 /* MainView.swift */ = {isa = PBXFileReference; lastKnownFileType = sourcecode.swift; path = MainView.swift; sourceTree = "<group>"; };
		51FD50A92C53828A008C5552 /* PlaceSearchView.swift */ = {isa = PBXFileReference; lastKnownFileType = sourcecode.swift; path = PlaceSearchView.swift; sourceTree = "<group>"; };
		51FD50AB2C5382A1008C5552 /* PlaceAddView.swift */ = {isa = PBXFileReference; lastKnownFileType = sourcecode.swift; path = PlaceAddView.swift; sourceTree = "<group>"; };
		51FD50AF2C5382F4008C5552 /* MapWideView.swift */ = {isa = PBXFileReference; lastKnownFileType = sourcecode.swift; path = MapWideView.swift; sourceTree = "<group>"; };
		51FD50B12C538326008C5552 /* MemberPopupView.swift */ = {isa = PBXFileReference; lastKnownFileType = sourcecode.swift; path = MemberPopupView.swift; sourceTree = "<group>"; };
		51FD50B32C53833E008C5552 /* GroupConfirmView.swift */ = {isa = PBXFileReference; lastKnownFileType = sourcecode.swift; path = GroupConfirmView.swift; sourceTree = "<group>"; };
		51FD50B52C53835F008C5552 /* GroupResultView.swift */ = {isa = PBXFileReference; lastKnownFileType = sourcecode.swift; path = GroupResultView.swift; sourceTree = "<group>"; };
		BF0416132C48F4D500599C8D /* moyeo.entitlements */ = {isa = PBXFileReference; lastKnownFileType = text.plist.entitlements; path = moyeo.entitlements; sourceTree = "<group>"; };
		BF0416142C4939BC00599C8D /* Info.plist */ = {isa = PBXFileReference; lastKnownFileType = text.plist; path = Info.plist; sourceTree = "<group>"; };
		BF4DAE402C5B1F6D002371DC /* SignInInfo.swift */ = {isa = PBXFileReference; lastKnownFileType = sourcecode.swift; path = SignInInfo.swift; sourceTree = "<group>"; };
		BF4DAE422C5BA6F7002371DC /* Helper+Encryption.swift */ = {isa = PBXFileReference; lastKnownFileType = sourcecode.swift; path = "Helper+Encryption.swift"; sourceTree = "<group>"; };
		BF59C8392C58688C00767A19 /* Secrets.xcconfig */ = {isa = PBXFileReference; fileEncoding = 4; lastKnownFileType = text.xcconfig; path = Secrets.xcconfig; sourceTree = "<group>"; };
		BFB70E612C56B34E00D3C616 /* AuthViewModel.swift */ = {isa = PBXFileReference; lastKnownFileType = sourcecode.swift; path = AuthViewModel.swift; sourceTree = "<group>"; };
		BFB70E662C5746D600D3C616 /* Colorsets.xcassets */ = {isa = PBXFileReference; lastKnownFileType = folder.assetcatalog; path = Colorsets.xcassets; sourceTree = "<group>"; };
		BFB70E692C57509700D3C616 /* Pretendard-Bold.otf */ = {isa = PBXFileReference; lastKnownFileType = file; path = "Pretendard-Bold.otf"; sourceTree = "<group>"; };
		BFB70E6A2C57509700D3C616 /* Pretendard-SemiBold.otf */ = {isa = PBXFileReference; lastKnownFileType = file; path = "Pretendard-SemiBold.otf"; sourceTree = "<group>"; };
		BFB70E6B2C57509700D3C616 /* Pretendard-ExtraLight.otf */ = {isa = PBXFileReference; lastKnownFileType = file; path = "Pretendard-ExtraLight.otf"; sourceTree = "<group>"; };
		BFB70E6C2C57509700D3C616 /* Pretendard-Medium.otf */ = {isa = PBXFileReference; lastKnownFileType = file; path = "Pretendard-Medium.otf"; sourceTree = "<group>"; };
		BFB70E6D2C57509700D3C616 /* Pretendard-ExtraBold.otf */ = {isa = PBXFileReference; lastKnownFileType = file; path = "Pretendard-ExtraBold.otf"; sourceTree = "<group>"; };
		BFB70E6E2C57509800D3C616 /* Pretendard-Black.otf */ = {isa = PBXFileReference; lastKnownFileType = file; path = "Pretendard-Black.otf"; sourceTree = "<group>"; };
		BFB70E6F2C57509800D3C616 /* Pretendard-Light.otf */ = {isa = PBXFileReference; lastKnownFileType = file; path = "Pretendard-Light.otf"; sourceTree = "<group>"; };
		BFB70E702C57509800D3C616 /* Pretendard-Regular.otf */ = {isa = PBXFileReference; lastKnownFileType = file; path = "Pretendard-Regular.otf"; sourceTree = "<group>"; };
		BFB70E712C57509800D3C616 /* Pretendard-Thin.otf */ = {isa = PBXFileReference; lastKnownFileType = file; path = "Pretendard-Thin.otf"; sourceTree = "<group>"; };
		BFB70E7C2C5751DB00D3C616 /* Helper+CustomFont.swift */ = {isa = PBXFileReference; lastKnownFileType = sourcecode.swift; path = "Helper+CustomFont.swift"; sourceTree = "<group>"; };
		BFD683F22C59203A001B31DE /* APIEndpoints.swift */ = {isa = PBXFileReference; lastKnownFileType = sourcecode.swift; path = APIEndpoints.swift; sourceTree = "<group>"; };
		BFD683F52C59CEC4001B31DE /* MemberResponse.swift */ = {isa = PBXFileReference; lastKnownFileType = sourcecode.swift; path = MemberResponse.swift; sourceTree = "<group>"; };
		BFD683F72C59D84F001B31DE /* BaseResponse.swift */ = {isa = PBXFileReference; lastKnownFileType = sourcecode.swift; path = BaseResponse.swift; sourceTree = "<group>"; };
		CECB7CCB2C62FAFC0013FAF9 /* TimeTableView.swift */ = {isa = PBXFileReference; fileEncoding = 4; lastKnownFileType = sourcecode.swift; name = TimeTableView.swift; path = "../../../../../../../Downloads/Moyeo-iOS-feature-27-Groupvoteview/moyeo/moyeo/Andy/View/TimeTableView.swift"; sourceTree = "<group>"; };
		CECB7CCD2C6301A30013FAF9 /* TimeTableConfirmView.swift */ = {isa = PBXFileReference; lastKnownFileType = sourcecode.swift; path = TimeTableConfirmView.swift; sourceTree = "<group>"; };
		F3D0DEEB2C44AF1800D5EB97 /* moyeo.app */ = {isa = PBXFileReference; explicitFileType = wrapper.application; includeInIndex = 0; path = moyeo.app; sourceTree = BUILT_PRODUCTS_DIR; };
		F3D0DEEE2C44AF1800D5EB97 /* moyeoApp.swift */ = {isa = PBXFileReference; lastKnownFileType = sourcecode.swift; path = moyeoApp.swift; sourceTree = "<group>"; };
		F3D0DEF02C44AF1800D5EB97 /* ContentView.swift */ = {isa = PBXFileReference; lastKnownFileType = sourcecode.swift; path = ContentView.swift; sourceTree = "<group>"; };
		F3D0DEF22C44AF1A00D5EB97 /* Assets.xcassets */ = {isa = PBXFileReference; lastKnownFileType = folder.assetcatalog; path = Assets.xcassets; sourceTree = "<group>"; };
		F3D0DEF52C44AF1A00D5EB97 /* Preview Assets.xcassets */ = {isa = PBXFileReference; lastKnownFileType = folder.assetcatalog; path = "Preview Assets.xcassets"; sourceTree = "<group>"; };
		F3D0DEFB2C44AF1A00D5EB97 /* moyeoTests.xctest */ = {isa = PBXFileReference; explicitFileType = wrapper.cfbundle; includeInIndex = 0; path = moyeoTests.xctest; sourceTree = BUILT_PRODUCTS_DIR; };
		F3D0DEFF2C44AF1A00D5EB97 /* moyeoTests.swift */ = {isa = PBXFileReference; lastKnownFileType = sourcecode.swift; path = moyeoTests.swift; sourceTree = "<group>"; };
		F3D0DF052C44AF1A00D5EB97 /* moyeoUITests.xctest */ = {isa = PBXFileReference; explicitFileType = wrapper.cfbundle; includeInIndex = 0; path = moyeoUITests.xctest; sourceTree = BUILT_PRODUCTS_DIR; };
		F3D0DF092C44AF1A00D5EB97 /* moyeoUITests.swift */ = {isa = PBXFileReference; lastKnownFileType = sourcecode.swift; path = moyeoUITests.swift; sourceTree = "<group>"; };
		F3D0DF0B2C44AF1A00D5EB97 /* moyeoUITestsLaunchTests.swift */ = {isa = PBXFileReference; lastKnownFileType = sourcecode.swift; path = moyeoUITestsLaunchTests.swift; sourceTree = "<group>"; };
/* End PBXFileReference section */

/* Begin PBXFrameworksBuildPhase section */
		F3D0DEE82C44AF1800D5EB97 /* Frameworks */ = {
			isa = PBXFrameworksBuildPhase;
			buildActionMask = 2147483647;
			files = (
			);
			runOnlyForDeploymentPostprocessing = 0;
		};
		F3D0DEF82C44AF1A00D5EB97 /* Frameworks */ = {
			isa = PBXFrameworksBuildPhase;
			buildActionMask = 2147483647;
			files = (
			);
			runOnlyForDeploymentPostprocessing = 0;
		};
		F3D0DF022C44AF1A00D5EB97 /* Frameworks */ = {
			isa = PBXFrameworksBuildPhase;
			buildActionMask = 2147483647;
			files = (
			);
			runOnlyForDeploymentPostprocessing = 0;
		};
/* End PBXFrameworksBuildPhase section */

/* Begin PBXGroup section */
		51219E952C61CE11005EDDCD /* GroupVote */ = {
			isa = PBXGroup;
			children = (
				51219E3C2C61BA72005EDDCD /* CircleImage.swift */,
				51219E3D2C61BA72005EDDCD /* CircleImageListView.swift */,
				51219E3E2C61BA72005EDDCD /* FavoriteButton.swift */,
				51219E3F2C61BA72005EDDCD /* MapView.swift */,
			);
			path = GroupVote;
			sourceTree = "<group>";
		};
		51219E962C61CE42005EDDCD /* Shared */ = {
			isa = PBXGroup;
			children = (
				51219E972C61CE51005EDDCD /* GroupVote */,
			);
			path = Shared;
			sourceTree = "<group>";
		};
		51219E972C61CE51005EDDCD /* GroupVote */ = {
			isa = PBXGroup;
			children = (
				51219E412C61BA72005EDDCD /* 샘플데이타.md */,
				51219E422C61BA72005EDDCD /* AlertError.swift */,
				51219E432C61BA72005EDDCD /* Array+Extension.swift */,
				51219E442C61BA72005EDDCD /* Date+Extension.swift */,
				51219E452C61BA72005EDDCD /* EditButton.swift */,
				51219E462C61BA72005EDDCD /* EventDataStore.swift */,
				51219E472C61BA72005EDDCD /* EventDataStore+FullAccess.swift */,
				51219E492C61BA72005EDDCD /* EventStoreError.swift */,
				51219E4A2C61BA72005EDDCD /* EventStoreManager.swift */,
				51219E4B2C61BA72005EDDCD /* EventStoreManager+FullAccess.swift */,
				51219E532C61BA72005EDDCD /* MessageView.swift */,
				51219E542C61BA72005EDDCD /* TimeInterval+Extension.swift */,
			);
			path = GroupVote;
			sourceTree = "<group>";
		};
		51219E982C61CE69005EDDCD /* GroupVote */ = {
			isa = PBXGroup;
			children = (
				CECB7CCB2C62FAFC0013FAF9 /* TimeTableView.swift */,
				51219E912C61BAA8005EDDCD /* GroupVoteView.swift */,
				51219E5C2C61BA72005EDDCD /* MemberPopUpView.swift */,
				CECB7CCD2C6301A30013FAF9 /* TimeTableConfirmView.swift */,
			);
			path = GroupVote;
			sourceTree = "<group>";
		};
		51219E992C61CEAA005EDDCD /* GroupVote */ = {
			isa = PBXGroup;
			children = (
				51219E622C61BA72005EDDCD /* EventViewModel.swift */,
				51219E642C61BA72005EDDCD /* SharedDateModel.swift */,
				51219E652C61BA72005EDDCD /* TimeTableHeaderVM.swift */,
			);
			path = GroupVote;
			sourceTree = "<group>";
		};
		515582D32C59E80300819895 /* Presentation */ = {
			isa = PBXGroup;
			children = (
				51FD50A62C53445D008C5552 /* View */,
				51FD50A52C534450008C5552 /* Sheet */,
				515582D42C59E82100819895 /* Popup */,
			);
			path = Presentation;
			sourceTree = "<group>";
		};
		515582D42C59E82100819895 /* Popup */ = {
			isa = PBXGroup;
			children = (
				51FD50B12C538326008C5552 /* MemberPopupView.swift */,
			);
			path = Popup;
			sourceTree = "<group>";
		};
		51FD50A52C534450008C5552 /* Sheet */ = {
			isa = PBXGroup;
			children = (
				51FD50A92C53828A008C5552 /* PlaceSearchView.swift */,
				51FD50AB2C5382A1008C5552 /* PlaceAddView.swift */,
				51FD50AF2C5382F4008C5552 /* MapWideView.swift */,
			);
			path = Sheet;
			sourceTree = "<group>";
		};
		51FD50A62C53445D008C5552 /* View */ = {
			isa = PBXGroup;
			children = (
				51219E982C61CE69005EDDCD /* GroupVote */,
				5191A4592C522B8900550071 /* LoginView.swift */,
				5191A45B2C522BBE00550071 /* MainView.swift */,
				51219E932C61BB37005EDDCD /* GroupSetView.swift */,
				51FD50B32C53833E008C5552 /* GroupConfirmView.swift */,
				51FD50B52C53835F008C5552 /* GroupResultView.swift */,
			);
			path = View;
			sourceTree = "<group>";
		};
		51FD50B82C54C11E008C5552 /* Resource */ = {
			isa = PBXGroup;
			children = (
				BFB70E682C574F1200D3C616 /* Font */,
				F3D0DEF22C44AF1A00D5EB97 /* Assets.xcassets */,
				BFB70E662C5746D600D3C616 /* Colorsets.xcassets */,
			);
			path = Resource;
			sourceTree = "<group>";
		};
		51FD50B92C54C13A008C5552 /* ViewModel */ = {
			isa = PBXGroup;
			children = (
				51219E992C61CEAA005EDDCD /* GroupVote */,
				5191A4572C5226D000550071 /* AppViewModel.swift */,
				BFB70E612C56B34E00D3C616 /* AuthViewModel.swift */,
			);
			path = ViewModel;
			sourceTree = "<group>";
		};
		643641A8C1187D0D48E1C8C5 /* Pods */ = {
			isa = PBXGroup;
			children = (
			);
			path = Pods;
			sourceTree = "<group>";
		};
		BFB70E682C574F1200D3C616 /* Font */ = {
			isa = PBXGroup;
			children = (
				BFB70E6E2C57509800D3C616 /* Pretendard-Black.otf */,
				BFB70E692C57509700D3C616 /* Pretendard-Bold.otf */,
				BFB70E6D2C57509700D3C616 /* Pretendard-ExtraBold.otf */,
				BFB70E6B2C57509700D3C616 /* Pretendard-ExtraLight.otf */,
				BFB70E6F2C57509800D3C616 /* Pretendard-Light.otf */,
				BFB70E6C2C57509700D3C616 /* Pretendard-Medium.otf */,
				BFB70E702C57509800D3C616 /* Pretendard-Regular.otf */,
				BFB70E6A2C57509700D3C616 /* Pretendard-SemiBold.otf */,
				BFB70E712C57509800D3C616 /* Pretendard-Thin.otf */,
			);
			path = Font;
			sourceTree = "<group>";
		};
		BFB70E7B2C5751CD00D3C616 /* Helper */ = {
			isa = PBXGroup;
			children = (
				51219E952C61CE11005EDDCD /* GroupVote */,
				BFB70E7C2C5751DB00D3C616 /* Helper+CustomFont.swift */,
				BF4DAE422C5BA6F7002371DC /* Helper+Encryption.swift */,
			);
			path = Helper;
			sourceTree = "<group>";
		};
		BFD683EF2C591DEB001B31DE /* Network */ = {
			isa = PBXGroup;
			children = (
				BFD683F22C59203A001B31DE /* APIEndpoints.swift */,
				BF4DAE402C5B1F6D002371DC /* SignInInfo.swift */,
			);
			path = Network;
			sourceTree = "<group>";
		};
		BFD683F42C59CEAC001B31DE /* Model */ = {
			isa = PBXGroup;
			children = (
				BFD683F52C59CEC4001B31DE /* MemberResponse.swift */,
				BFD683F72C59D84F001B31DE /* BaseResponse.swift */,
			);
			path = Model;
			sourceTree = "<group>";
		};
		F3D0DEE22C44AF1800D5EB97 = {
			isa = PBXGroup;
			children = (
				BF59C8392C58688C00767A19 /* Secrets.xcconfig */,
				F3D0DEED2C44AF1800D5EB97 /* moyeo */,
				F3D0DEFE2C44AF1A00D5EB97 /* moyeoTests */,
				F3D0DF082C44AF1A00D5EB97 /* moyeoUITests */,
				F3D0DEEC2C44AF1800D5EB97 /* Products */,
				643641A8C1187D0D48E1C8C5 /* Pods */,
			);
			sourceTree = "<group>";
		};
		F3D0DEEC2C44AF1800D5EB97 /* Products */ = {
			isa = PBXGroup;
			children = (
				F3D0DEEB2C44AF1800D5EB97 /* moyeo.app */,
				F3D0DEFB2C44AF1A00D5EB97 /* moyeoTests.xctest */,
				F3D0DF052C44AF1A00D5EB97 /* moyeoUITests.xctest */,
			);
			name = Products;
			sourceTree = "<group>";
		};
		F3D0DEED2C44AF1800D5EB97 /* moyeo */ = {
			isa = PBXGroup;
			children = (
				BFD683F42C59CEAC001B31DE /* Model */,
				BFD683EF2C591DEB001B31DE /* Network */,
				515582D32C59E80300819895 /* Presentation */,
				BFB70E7B2C5751CD00D3C616 /* Helper */,
				51FD50B92C54C13A008C5552 /* ViewModel */,
				51219E962C61CE42005EDDCD /* Shared */,
				51FD50B82C54C11E008C5552 /* Resource */,
				BF0416142C4939BC00599C8D /* Info.plist */,
				BF0416132C48F4D500599C8D /* moyeo.entitlements */,
				F3D0DEF02C44AF1800D5EB97 /* ContentView.swift */,
				F3D0DEEE2C44AF1800D5EB97 /* moyeoApp.swift */,
				F3D0DEF42C44AF1A00D5EB97 /* Preview Content */,
			);
			path = moyeo;
			sourceTree = "<group>";
		};
		F3D0DEF42C44AF1A00D5EB97 /* Preview Content */ = {
			isa = PBXGroup;
			children = (
				F3D0DEF52C44AF1A00D5EB97 /* Preview Assets.xcassets */,
			);
			path = "Preview Content";
			sourceTree = "<group>";
		};
		F3D0DEFE2C44AF1A00D5EB97 /* moyeoTests */ = {
			isa = PBXGroup;
			children = (
				F3D0DEFF2C44AF1A00D5EB97 /* moyeoTests.swift */,
			);
			path = moyeoTests;
			sourceTree = "<group>";
		};
		F3D0DF082C44AF1A00D5EB97 /* moyeoUITests */ = {
			isa = PBXGroup;
			children = (
				F3D0DF092C44AF1A00D5EB97 /* moyeoUITests.swift */,
				F3D0DF0B2C44AF1A00D5EB97 /* moyeoUITestsLaunchTests.swift */,
			);
			path = moyeoUITests;
			sourceTree = "<group>";
		};
/* End PBXGroup section */

/* Begin PBXNativeTarget section */
		F3D0DEEA2C44AF1800D5EB97 /* moyeo */ = {
			isa = PBXNativeTarget;
			buildConfigurationList = F3D0DF0F2C44AF1A00D5EB97 /* Build configuration list for PBXNativeTarget "moyeo" */;
			buildPhases = (
				F3D0DEE72C44AF1800D5EB97 /* Sources */,
				F3D0DEE82C44AF1800D5EB97 /* Frameworks */,
				F3D0DEE92C44AF1800D5EB97 /* Resources */,
			);
			buildRules = (
			);
			dependencies = (
			);
			name = moyeo;
			productName = moyeo;
			productReference = F3D0DEEB2C44AF1800D5EB97 /* moyeo.app */;
			productType = "com.apple.product-type.application";
		};
		F3D0DEFA2C44AF1A00D5EB97 /* moyeoTests */ = {
			isa = PBXNativeTarget;
			buildConfigurationList = F3D0DF122C44AF1A00D5EB97 /* Build configuration list for PBXNativeTarget "moyeoTests" */;
			buildPhases = (
				F3D0DEF72C44AF1A00D5EB97 /* Sources */,
				F3D0DEF82C44AF1A00D5EB97 /* Frameworks */,
				F3D0DEF92C44AF1A00D5EB97 /* Resources */,
			);
			buildRules = (
			);
			dependencies = (
				F3D0DEFD2C44AF1A00D5EB97 /* PBXTargetDependency */,
			);
			name = moyeoTests;
			productName = moyeoTests;
			productReference = F3D0DEFB2C44AF1A00D5EB97 /* moyeoTests.xctest */;
			productType = "com.apple.product-type.bundle.unit-test";
		};
		F3D0DF042C44AF1A00D5EB97 /* moyeoUITests */ = {
			isa = PBXNativeTarget;
			buildConfigurationList = F3D0DF152C44AF1A00D5EB97 /* Build configuration list for PBXNativeTarget "moyeoUITests" */;
			buildPhases = (
				F3D0DF012C44AF1A00D5EB97 /* Sources */,
				F3D0DF022C44AF1A00D5EB97 /* Frameworks */,
				F3D0DF032C44AF1A00D5EB97 /* Resources */,
			);
			buildRules = (
			);
			dependencies = (
				F3D0DF072C44AF1A00D5EB97 /* PBXTargetDependency */,
			);
			name = moyeoUITests;
			productName = moyeoUITests;
			productReference = F3D0DF052C44AF1A00D5EB97 /* moyeoUITests.xctest */;
			productType = "com.apple.product-type.bundle.ui-testing";
		};
/* End PBXNativeTarget section */

/* Begin PBXProject section */
		F3D0DEE32C44AF1800D5EB97 /* Project object */ = {
			isa = PBXProject;
			attributes = {
				BuildIndependentTargetsInParallel = 1;
				LastSwiftUpdateCheck = 1520;
				LastUpgradeCheck = 1520;
				TargetAttributes = {
					F3D0DEEA2C44AF1800D5EB97 = {
						CreatedOnToolsVersion = 15.2;
					};
					F3D0DEFA2C44AF1A00D5EB97 = {
						CreatedOnToolsVersion = 15.2;
						TestTargetID = F3D0DEEA2C44AF1800D5EB97;
					};
					F3D0DF042C44AF1A00D5EB97 = {
						CreatedOnToolsVersion = 15.2;
						TestTargetID = F3D0DEEA2C44AF1800D5EB97;
					};
				};
			};
			buildConfigurationList = F3D0DEE62C44AF1800D5EB97 /* Build configuration list for PBXProject "moyeo" */;
			compatibilityVersion = "Xcode 14.0";
			developmentRegion = en;
			hasScannedForEncodings = 0;
			knownRegions = (
				en,
				Base,
			);
			mainGroup = F3D0DEE22C44AF1800D5EB97;
			productRefGroup = F3D0DEEC2C44AF1800D5EB97 /* Products */;
			projectDirPath = "";
			projectRoot = "";
			targets = (
				F3D0DEEA2C44AF1800D5EB97 /* moyeo */,
				F3D0DEFA2C44AF1A00D5EB97 /* moyeoTests */,
				F3D0DF042C44AF1A00D5EB97 /* moyeoUITests */,
			);
		};
/* End PBXProject section */

/* Begin PBXResourcesBuildPhase section */
		F3D0DEE92C44AF1800D5EB97 /* Resources */ = {
			isa = PBXResourcesBuildPhase;
			buildActionMask = 2147483647;
			files = (
				BFB70E752C57509800D3C616 /* Pretendard-Medium.otf in Resources */,
				BFB70E742C57509800D3C616 /* Pretendard-ExtraLight.otf in Resources */,
				BF59C83A2C58688C00767A19 /* Secrets.xcconfig in Resources */,
				51219E6D2C61BA72005EDDCD /* 샘플데이타.md in Resources */,
				BFB70E762C57509800D3C616 /* Pretendard-ExtraBold.otf in Resources */,
				BFB70E7A2C57509800D3C616 /* Pretendard-Thin.otf in Resources */,
				BFB70E782C57509800D3C616 /* Pretendard-Light.otf in Resources */,
				F3D0DEF62C44AF1A00D5EB97 /* Preview Assets.xcassets in Resources */,
				BFB70E772C57509800D3C616 /* Pretendard-Black.otf in Resources */,
				BFB70E722C57509800D3C616 /* Pretendard-Bold.otf in Resources */,
				BFB70E732C57509800D3C616 /* Pretendard-SemiBold.otf in Resources */,
				BFB70E792C57509800D3C616 /* Pretendard-Regular.otf in Resources */,
				BFB70E672C5746D600D3C616 /* Colorsets.xcassets in Resources */,
				F3D0DEF32C44AF1A00D5EB97 /* Assets.xcassets in Resources */,
			);
			runOnlyForDeploymentPostprocessing = 0;
		};
		F3D0DEF92C44AF1A00D5EB97 /* Resources */ = {
			isa = PBXResourcesBuildPhase;
			buildActionMask = 2147483647;
			files = (
				BF59C83B2C58688C00767A19 /* Secrets.xcconfig in Resources */,
			);
			runOnlyForDeploymentPostprocessing = 0;
		};
		F3D0DF032C44AF1A00D5EB97 /* Resources */ = {
			isa = PBXResourcesBuildPhase;
			buildActionMask = 2147483647;
			files = (
			);
			runOnlyForDeploymentPostprocessing = 0;
		};
/* End PBXResourcesBuildPhase section */

/* Begin PBXSourcesBuildPhase section */
		F3D0DEE72C44AF1800D5EB97 /* Sources */ = {
			isa = PBXSourcesBuildPhase;
			buildActionMask = 2147483647;
			files = (
				BF4DAE432C5BA6F7002371DC /* Helper+Encryption.swift in Sources */,
				51219E872C61BA72005EDDCD /* MemberPopUpView.swift in Sources */,
				51219E722C61BA72005EDDCD /* EventDataStore.swift in Sources */,
				51219E7F2C61BA72005EDDCD /* MessageView.swift in Sources */,
				51219E6C2C61BA72005EDDCD /* MapView.swift in Sources */,
				F3D0DEF12C44AF1800D5EB97 /* ContentView.swift in Sources */,
				CECB7CCE2C6301A30013FAF9 /* TimeTableConfirmView.swift in Sources */,
				51219E732C61BA72005EDDCD /* EventDataStore+FullAccess.swift in Sources */,
				51219E8F2C61BA72005EDDCD /* TimeTableHeaderVM.swift in Sources */,
				BF4DAE412C5B1F6D002371DC /* SignInInfo.swift in Sources */,
				51219E6E2C61BA72005EDDCD /* AlertError.swift in Sources */,
				51219E762C61BA72005EDDCD /* EventStoreManager.swift in Sources */,
				51FD50AA2C53828A008C5552 /* PlaceSearchView.swift in Sources */,
				51219E752C61BA72005EDDCD /* EventStoreError.swift in Sources */,
				51219E8C2C61BA72005EDDCD /* EventViewModel.swift in Sources */,
				CECB7CCC2C62FAFC0013FAF9 /* TimeTableView.swift in Sources */,
				51219E702C61BA72005EDDCD /* Date+Extension.swift in Sources */,
				51219E772C61BA72005EDDCD /* EventStoreManager+FullAccess.swift in Sources */,
				51219E712C61BA72005EDDCD /* EditButton.swift in Sources */,
				BFD683F82C59D84F001B31DE /* BaseResponse.swift in Sources */,
				51219E922C61BAA8005EDDCD /* GroupVoteView.swift in Sources */,
				F3D0DEEF2C44AF1800D5EB97 /* moyeoApp.swift in Sources */,
				51219E942C61BB37005EDDCD /* GroupSetView.swift in Sources */,
				BFB70E622C56B34E00D3C616 /* AuthViewModel.swift in Sources */,
				51219E6F2C61BA72005EDDCD /* Array+Extension.swift in Sources */,
				51FD50B22C538326008C5552 /* MemberPopupView.swift in Sources */,
				BFD683F32C59203A001B31DE /* APIEndpoints.swift in Sources */,
				BFB70E7D2C5751DB00D3C616 /* Helper+CustomFont.swift in Sources */,
				51219E6A2C61BA72005EDDCD /* CircleImageListView.swift in Sources */,
				5191A45A2C522B8900550071 /* LoginView.swift in Sources */,
				51FD50B62C53835F008C5552 /* GroupResultView.swift in Sources */,
				51FD50B42C53833E008C5552 /* GroupConfirmView.swift in Sources */,
				51FD50B02C5382F4008C5552 /* MapWideView.swift in Sources */,
				5191A45C2C522BBE00550071 /* MainView.swift in Sources */,
				51219E692C61BA72005EDDCD /* CircleImage.swift in Sources */,
				51FD50AC2C5382A1008C5552 /* PlaceAddView.swift in Sources */,
				51219E8E2C61BA72005EDDCD /* SharedDateModel.swift in Sources */,
				BFD683F62C59CEC4001B31DE /* MemberResponse.swift in Sources */,
				5191A4582C5226D000550071 /* AppViewModel.swift in Sources */,
				51219E6B2C61BA72005EDDCD /* FavoriteButton.swift in Sources */,
				51219E802C61BA72005EDDCD /* TimeInterval+Extension.swift in Sources */,
			);
			runOnlyForDeploymentPostprocessing = 0;
		};
		F3D0DEF72C44AF1A00D5EB97 /* Sources */ = {
			isa = PBXSourcesBuildPhase;
			buildActionMask = 2147483647;
			files = (
				F3D0DF002C44AF1A00D5EB97 /* moyeoTests.swift in Sources */,
			);
			runOnlyForDeploymentPostprocessing = 0;
		};
		F3D0DF012C44AF1A00D5EB97 /* Sources */ = {
			isa = PBXSourcesBuildPhase;
			buildActionMask = 2147483647;
			files = (
				F3D0DF0C2C44AF1A00D5EB97 /* moyeoUITestsLaunchTests.swift in Sources */,
				F3D0DF0A2C44AF1A00D5EB97 /* moyeoUITests.swift in Sources */,
			);
			runOnlyForDeploymentPostprocessing = 0;
		};
/* End PBXSourcesBuildPhase section */

/* Begin PBXTargetDependency section */
		F3D0DEFD2C44AF1A00D5EB97 /* PBXTargetDependency */ = {
			isa = PBXTargetDependency;
			target = F3D0DEEA2C44AF1800D5EB97 /* moyeo */;
			targetProxy = F3D0DEFC2C44AF1A00D5EB97 /* PBXContainerItemProxy */;
		};
		F3D0DF072C44AF1A00D5EB97 /* PBXTargetDependency */ = {
			isa = PBXTargetDependency;
			target = F3D0DEEA2C44AF1800D5EB97 /* moyeo */;
			targetProxy = F3D0DF062C44AF1A00D5EB97 /* PBXContainerItemProxy */;
		};
/* End PBXTargetDependency section */

/* Begin XCBuildConfiguration section */
		F3D0DF0D2C44AF1A00D5EB97 /* Debug */ = {
			isa = XCBuildConfiguration;
			baseConfigurationReference = BF59C8392C58688C00767A19 /* Secrets.xcconfig */;
			buildSettings = {
				ALWAYS_SEARCH_USER_PATHS = NO;
				ASSETCATALOG_COMPILER_GENERATE_SWIFT_ASSET_SYMBOL_EXTENSIONS = YES;
				CLANG_ANALYZER_NONNULL = YES;
				CLANG_ANALYZER_NUMBER_OBJECT_CONVERSION = YES_AGGRESSIVE;
				CLANG_CXX_LANGUAGE_STANDARD = "gnu++20";
				CLANG_ENABLE_MODULES = YES;
				CLANG_ENABLE_OBJC_ARC = YES;
				CLANG_ENABLE_OBJC_WEAK = YES;
				CLANG_WARN_BLOCK_CAPTURE_AUTORELEASING = YES;
				CLANG_WARN_BOOL_CONVERSION = YES;
				CLANG_WARN_COMMA = YES;
				CLANG_WARN_CONSTANT_CONVERSION = YES;
				CLANG_WARN_DEPRECATED_OBJC_IMPLEMENTATIONS = YES;
				CLANG_WARN_DIRECT_OBJC_ISA_USAGE = YES_ERROR;
				CLANG_WARN_DOCUMENTATION_COMMENTS = YES;
				CLANG_WARN_EMPTY_BODY = YES;
				CLANG_WARN_ENUM_CONVERSION = YES;
				CLANG_WARN_INFINITE_RECURSION = YES;
				CLANG_WARN_INT_CONVERSION = YES;
				CLANG_WARN_NON_LITERAL_NULL_CONVERSION = YES;
				CLANG_WARN_OBJC_IMPLICIT_RETAIN_SELF = YES;
				CLANG_WARN_OBJC_LITERAL_CONVERSION = YES;
				CLANG_WARN_OBJC_ROOT_CLASS = YES_ERROR;
				CLANG_WARN_QUOTED_INCLUDE_IN_FRAMEWORK_HEADER = YES;
				CLANG_WARN_RANGE_LOOP_ANALYSIS = YES;
				CLANG_WARN_STRICT_PROTOTYPES = YES;
				CLANG_WARN_SUSPICIOUS_MOVE = YES;
				CLANG_WARN_UNGUARDED_AVAILABILITY = YES_AGGRESSIVE;
				CLANG_WARN_UNREACHABLE_CODE = YES;
				CLANG_WARN__DUPLICATE_METHOD_MATCH = YES;
				COPY_PHASE_STRIP = NO;
				DEBUG_INFORMATION_FORMAT = dwarf;
				ENABLE_STRICT_OBJC_MSGSEND = YES;
				ENABLE_TESTABILITY = YES;
				ENABLE_USER_SCRIPT_SANDBOXING = NO;
				GCC_C_LANGUAGE_STANDARD = gnu17;
				GCC_DYNAMIC_NO_PIC = NO;
				GCC_NO_COMMON_BLOCKS = YES;
				GCC_OPTIMIZATION_LEVEL = 0;
				GCC_PREPROCESSOR_DEFINITIONS = (
					"DEBUG=1",
					"$(inherited)",
				);
				GCC_WARN_64_TO_32_BIT_CONVERSION = YES;
				GCC_WARN_ABOUT_RETURN_TYPE = YES_ERROR;
				GCC_WARN_UNDECLARED_SELECTOR = YES;
				GCC_WARN_UNINITIALIZED_AUTOS = YES_AGGRESSIVE;
				GCC_WARN_UNUSED_FUNCTION = YES;
				GCC_WARN_UNUSED_VARIABLE = YES;
				IPHONEOS_DEPLOYMENT_TARGET = 17.2;
				LOCALIZATION_PREFERS_STRING_CATALOGS = YES;
				MTL_ENABLE_DEBUG_INFO = INCLUDE_SOURCE;
				MTL_FAST_MATH = YES;
				ONLY_ACTIVE_ARCH = YES;
				SDKROOT = iphoneos;
				SWIFT_ACTIVE_COMPILATION_CONDITIONS = "DEBUG $(inherited)";
				SWIFT_OPTIMIZATION_LEVEL = "-Onone";
			};
			name = Debug;
		};
		F3D0DF0E2C44AF1A00D5EB97 /* Release */ = {
			isa = XCBuildConfiguration;
			baseConfigurationReference = BF59C8392C58688C00767A19 /* Secrets.xcconfig */;
			buildSettings = {
				ALWAYS_SEARCH_USER_PATHS = NO;
				ASSETCATALOG_COMPILER_GENERATE_SWIFT_ASSET_SYMBOL_EXTENSIONS = YES;
				CLANG_ANALYZER_NONNULL = YES;
				CLANG_ANALYZER_NUMBER_OBJECT_CONVERSION = YES_AGGRESSIVE;
				CLANG_CXX_LANGUAGE_STANDARD = "gnu++20";
				CLANG_ENABLE_MODULES = YES;
				CLANG_ENABLE_OBJC_ARC = YES;
				CLANG_ENABLE_OBJC_WEAK = YES;
				CLANG_WARN_BLOCK_CAPTURE_AUTORELEASING = YES;
				CLANG_WARN_BOOL_CONVERSION = YES;
				CLANG_WARN_COMMA = YES;
				CLANG_WARN_CONSTANT_CONVERSION = YES;
				CLANG_WARN_DEPRECATED_OBJC_IMPLEMENTATIONS = YES;
				CLANG_WARN_DIRECT_OBJC_ISA_USAGE = YES_ERROR;
				CLANG_WARN_DOCUMENTATION_COMMENTS = YES;
				CLANG_WARN_EMPTY_BODY = YES;
				CLANG_WARN_ENUM_CONVERSION = YES;
				CLANG_WARN_INFINITE_RECURSION = YES;
				CLANG_WARN_INT_CONVERSION = YES;
				CLANG_WARN_NON_LITERAL_NULL_CONVERSION = YES;
				CLANG_WARN_OBJC_IMPLICIT_RETAIN_SELF = YES;
				CLANG_WARN_OBJC_LITERAL_CONVERSION = YES;
				CLANG_WARN_OBJC_ROOT_CLASS = YES_ERROR;
				CLANG_WARN_QUOTED_INCLUDE_IN_FRAMEWORK_HEADER = YES;
				CLANG_WARN_RANGE_LOOP_ANALYSIS = YES;
				CLANG_WARN_STRICT_PROTOTYPES = YES;
				CLANG_WARN_SUSPICIOUS_MOVE = YES;
				CLANG_WARN_UNGUARDED_AVAILABILITY = YES_AGGRESSIVE;
				CLANG_WARN_UNREACHABLE_CODE = YES;
				CLANG_WARN__DUPLICATE_METHOD_MATCH = YES;
				COPY_PHASE_STRIP = NO;
				DEBUG_INFORMATION_FORMAT = "dwarf-with-dsym";
				ENABLE_NS_ASSERTIONS = NO;
				ENABLE_STRICT_OBJC_MSGSEND = YES;
				ENABLE_USER_SCRIPT_SANDBOXING = NO;
				GCC_C_LANGUAGE_STANDARD = gnu17;
				GCC_NO_COMMON_BLOCKS = YES;
				GCC_WARN_64_TO_32_BIT_CONVERSION = YES;
				GCC_WARN_ABOUT_RETURN_TYPE = YES_ERROR;
				GCC_WARN_UNDECLARED_SELECTOR = YES;
				GCC_WARN_UNINITIALIZED_AUTOS = YES_AGGRESSIVE;
				GCC_WARN_UNUSED_FUNCTION = YES;
				GCC_WARN_UNUSED_VARIABLE = YES;
				IPHONEOS_DEPLOYMENT_TARGET = 17.2;
				LOCALIZATION_PREFERS_STRING_CATALOGS = YES;
				MTL_ENABLE_DEBUG_INFO = NO;
				MTL_FAST_MATH = YES;
				SDKROOT = iphoneos;
				SWIFT_COMPILATION_MODE = wholemodule;
				VALIDATE_PRODUCT = YES;
			};
			name = Release;
		};
		F3D0DF102C44AF1A00D5EB97 /* Debug */ = {
			isa = XCBuildConfiguration;
			buildSettings = {
				ASSETCATALOG_COMPILER_APPICON_NAME = AppIcon;
				ASSETCATALOG_COMPILER_GLOBAL_ACCENT_COLOR_NAME = AccentColor;
				CODE_SIGN_ENTITLEMENTS = moyeo/moyeo.entitlements;
				CODE_SIGN_IDENTITY = "Apple Development";
				CODE_SIGN_STYLE = Automatic;
				CURRENT_PROJECT_VERSION = 1;
				DEVELOPMENT_ASSET_PATHS = "\"moyeo/Preview Content\"";
				DEVELOPMENT_TEAM = TB9MFLQJ6C;
				ENABLE_PREVIEWS = YES;
				GENERATE_INFOPLIST_FILE = YES;
				INFOPLIST_FILE = moyeo/Info.plist;
				INFOPLIST_KEY_UIApplicationSceneManifest_Generation = YES;
				INFOPLIST_KEY_UIApplicationSupportsIndirectInputEvents = YES;
				INFOPLIST_KEY_UILaunchScreen_Generation = YES;
				INFOPLIST_KEY_UISupportedInterfaceOrientations_iPad = "UIInterfaceOrientationPortrait UIInterfaceOrientationPortraitUpsideDown UIInterfaceOrientationLandscapeLeft UIInterfaceOrientationLandscapeRight";
				INFOPLIST_KEY_UISupportedInterfaceOrientations_iPhone = "UIInterfaceOrientationPortrait UIInterfaceOrientationLandscapeLeft UIInterfaceOrientationLandscapeRight";
				LD_RUNPATH_SEARCH_PATHS = (
					"$(inherited)",
					"@executable_path/Frameworks",
				);
				MARKETING_VERSION = 1.0;
				PRODUCT_BUNDLE_IDENTIFIER = "com.otechdong.moyeo-Andy";
				PRODUCT_NAME = "$(TARGET_NAME)";
				PROVISIONING_PROFILE_SPECIFIER = "";
				SWIFT_EMIT_LOC_STRINGS = YES;
				SWIFT_VERSION = 5.0;
				TARGETED_DEVICE_FAMILY = "1,2";
			};
			name = Debug;
		};
		F3D0DF112C44AF1A00D5EB97 /* Release */ = {
			isa = XCBuildConfiguration;
			buildSettings = {
				ASSETCATALOG_COMPILER_APPICON_NAME = AppIcon;
				ASSETCATALOG_COMPILER_GLOBAL_ACCENT_COLOR_NAME = AccentColor;
				CODE_SIGN_ENTITLEMENTS = moyeo/moyeo.entitlements;
				CODE_SIGN_IDENTITY = "Apple Development";
				CODE_SIGN_STYLE = Automatic;
				CURRENT_PROJECT_VERSION = 1;
				DEVELOPMENT_ASSET_PATHS = "\"moyeo/Preview Content\"";
				DEVELOPMENT_TEAM = TB9MFLQJ6C;
				ENABLE_PREVIEWS = YES;
				GENERATE_INFOPLIST_FILE = YES;
				INFOPLIST_FILE = moyeo/Info.plist;
				INFOPLIST_KEY_UIApplicationSceneManifest_Generation = YES;
				INFOPLIST_KEY_UIApplicationSupportsIndirectInputEvents = YES;
				INFOPLIST_KEY_UILaunchScreen_Generation = YES;
				INFOPLIST_KEY_UISupportedInterfaceOrientations_iPad = "UIInterfaceOrientationPortrait UIInterfaceOrientationPortraitUpsideDown UIInterfaceOrientationLandscapeLeft UIInterfaceOrientationLandscapeRight";
				INFOPLIST_KEY_UISupportedInterfaceOrientations_iPhone = "UIInterfaceOrientationPortrait UIInterfaceOrientationLandscapeLeft UIInterfaceOrientationLandscapeRight";
				LD_RUNPATH_SEARCH_PATHS = (
					"$(inherited)",
					"@executable_path/Frameworks",
				);
				MARKETING_VERSION = 1.0;
				PRODUCT_BUNDLE_IDENTIFIER = "com.otechdong.moyeo-Andy";
				PRODUCT_NAME = "$(TARGET_NAME)";
				PROVISIONING_PROFILE_SPECIFIER = "";
				SWIFT_EMIT_LOC_STRINGS = YES;
				SWIFT_VERSION = 5.0;
				TARGETED_DEVICE_FAMILY = "1,2";
			};
			name = Release;
		};
		F3D0DF132C44AF1A00D5EB97 /* Debug */ = {
			isa = XCBuildConfiguration;
			buildSettings = {
				ALWAYS_EMBED_SWIFT_STANDARD_LIBRARIES = YES;
				BUNDLE_LOADER = "$(TEST_HOST)";
				CODE_SIGN_STYLE = Automatic;
				CURRENT_PROJECT_VERSION = 1;
				DEVELOPMENT_TEAM = TB9MFLQJ6C;
				GENERATE_INFOPLIST_FILE = YES;
				IPHONEOS_DEPLOYMENT_TARGET = 17.2;
				MARKETING_VERSION = 1.0;
				PRODUCT_BUNDLE_IDENTIFIER = com.otechdong.moyeoTests;
				PRODUCT_NAME = "$(TARGET_NAME)";
				SWIFT_EMIT_LOC_STRINGS = NO;
				SWIFT_VERSION = 5.0;
				TARGETED_DEVICE_FAMILY = "1,2";
				TEST_HOST = "$(BUILT_PRODUCTS_DIR)/moyeo.app/$(BUNDLE_EXECUTABLE_FOLDER_PATH)/moyeo";
			};
			name = Debug;
		};
		F3D0DF142C44AF1A00D5EB97 /* Release */ = {
			isa = XCBuildConfiguration;
			buildSettings = {
				ALWAYS_EMBED_SWIFT_STANDARD_LIBRARIES = YES;
				BUNDLE_LOADER = "$(TEST_HOST)";
				CODE_SIGN_STYLE = Automatic;
				CURRENT_PROJECT_VERSION = 1;
				DEVELOPMENT_TEAM = TB9MFLQJ6C;
				GENERATE_INFOPLIST_FILE = YES;
				IPHONEOS_DEPLOYMENT_TARGET = 17.2;
				MARKETING_VERSION = 1.0;
				PRODUCT_BUNDLE_IDENTIFIER = com.otechdong.moyeoTests;
				PRODUCT_NAME = "$(TARGET_NAME)";
				SWIFT_EMIT_LOC_STRINGS = NO;
				SWIFT_VERSION = 5.0;
				TARGETED_DEVICE_FAMILY = "1,2";
				TEST_HOST = "$(BUILT_PRODUCTS_DIR)/moyeo.app/$(BUNDLE_EXECUTABLE_FOLDER_PATH)/moyeo";
			};
			name = Release;
		};
		F3D0DF162C44AF1A00D5EB97 /* Debug */ = {
			isa = XCBuildConfiguration;
			buildSettings = {
				ALWAYS_EMBED_SWIFT_STANDARD_LIBRARIES = YES;
				CODE_SIGN_STYLE = Automatic;
				CURRENT_PROJECT_VERSION = 1;
				DEVELOPMENT_TEAM = TB9MFLQJ6C;
				GENERATE_INFOPLIST_FILE = YES;
				MARKETING_VERSION = 1.0;
				PRODUCT_BUNDLE_IDENTIFIER = com.otechdong.moyeoUITests;
				PRODUCT_NAME = "$(TARGET_NAME)";
				SWIFT_EMIT_LOC_STRINGS = NO;
				SWIFT_VERSION = 5.0;
				TARGETED_DEVICE_FAMILY = "1,2";
				TEST_TARGET_NAME = moyeo;
			};
			name = Debug;
		};
		F3D0DF172C44AF1A00D5EB97 /* Release */ = {
			isa = XCBuildConfiguration;
			buildSettings = {
				ALWAYS_EMBED_SWIFT_STANDARD_LIBRARIES = YES;
				CODE_SIGN_STYLE = Automatic;
				CURRENT_PROJECT_VERSION = 1;
				DEVELOPMENT_TEAM = TB9MFLQJ6C;
				GENERATE_INFOPLIST_FILE = YES;
				MARKETING_VERSION = 1.0;
				PRODUCT_BUNDLE_IDENTIFIER = com.otechdong.moyeoUITests;
				PRODUCT_NAME = "$(TARGET_NAME)";
				SWIFT_EMIT_LOC_STRINGS = NO;
				SWIFT_VERSION = 5.0;
				TARGETED_DEVICE_FAMILY = "1,2";
				TEST_TARGET_NAME = moyeo;
			};
			name = Release;
		};
/* End XCBuildConfiguration section */

/* Begin XCConfigurationList section */
		F3D0DEE62C44AF1800D5EB97 /* Build configuration list for PBXProject "moyeo" */ = {
			isa = XCConfigurationList;
			buildConfigurations = (
				F3D0DF0D2C44AF1A00D5EB97 /* Debug */,
				F3D0DF0E2C44AF1A00D5EB97 /* Release */,
			);
			defaultConfigurationIsVisible = 0;
			defaultConfigurationName = Release;
		};
		F3D0DF0F2C44AF1A00D5EB97 /* Build configuration list for PBXNativeTarget "moyeo" */ = {
			isa = XCConfigurationList;
			buildConfigurations = (
				F3D0DF102C44AF1A00D5EB97 /* Debug */,
				F3D0DF112C44AF1A00D5EB97 /* Release */,
			);
			defaultConfigurationIsVisible = 0;
			defaultConfigurationName = Release;
		};
		F3D0DF122C44AF1A00D5EB97 /* Build configuration list for PBXNativeTarget "moyeoTests" */ = {
			isa = XCConfigurationList;
			buildConfigurations = (
				F3D0DF132C44AF1A00D5EB97 /* Debug */,
				F3D0DF142C44AF1A00D5EB97 /* Release */,
			);
			defaultConfigurationIsVisible = 0;
			defaultConfigurationName = Release;
		};
		F3D0DF152C44AF1A00D5EB97 /* Build configuration list for PBXNativeTarget "moyeoUITests" */ = {
			isa = XCConfigurationList;
			buildConfigurations = (
				F3D0DF162C44AF1A00D5EB97 /* Debug */,
				F3D0DF172C44AF1A00D5EB97 /* Release */,
			);
			defaultConfigurationIsVisible = 0;
			defaultConfigurationName = Release;
		};
/* End XCConfigurationList section */
	};
	rootObject = F3D0DEE32C44AF1800D5EB97 /* Project object */;
}
