// !$*UTF8*$!
{
	archiveVersion = 1;
	classes = {
	};
	objectVersion = 56;
	objects = {

/* Begin PBXBuildFile section */
		37D4CCACECF5FBDF44B6D5CF /* Pods_moyeo_moyeoUITests.framework in Frameworks */ = {isa = PBXBuildFile; fileRef = AF09EF7FDC44FF2566C136D0 /* Pods_moyeo_moyeoUITests.framework */; };
		613CD3E52C51D9A300D7B4E5 /* NMapViewController.swift in Sources */ = {isa = PBXBuildFile; fileRef = 613CD3E42C51D9A300D7B4E5 /* NMapViewController.swift */; };
		613CD3E72C51E82F00D7B4E5 /* SearchPlaces.swift in Sources */ = {isa = PBXBuildFile; fileRef = 613CD3E62C51E82F00D7B4E5 /* SearchPlaces.swift */; };
		6161F31F2C4F4BC000AFBFED /* TempPlaceSearchView.swift in Sources */ = {isa = PBXBuildFile; fileRef = 6161F31E2C4F4BC000AFBFED /* TempPlaceSearchView.swift */; };
		7FA2B813F1371FFE82F861D6 /* Pods_moyeo.framework in Frameworks */ = {isa = PBXBuildFile; fileRef = BF5322805092A8EC03FE4EFF /* Pods_moyeo.framework */; };
		EAF420E9826A6505DE3D2961 /* Pods_moyeoTests.framework in Frameworks */ = {isa = PBXBuildFile; fileRef = E888735D8AC9AB2ACD8E5E13 /* Pods_moyeoTests.framework */; };
		F3D0DEEF2C44AF1800D5EB97 /* moyeoApp.swift in Sources */ = {isa = PBXBuildFile; fileRef = F3D0DEEE2C44AF1800D5EB97 /* moyeoApp.swift */; };
		F3D0DEF12C44AF1800D5EB97 /* ContentView.swift in Sources */ = {isa = PBXBuildFile; fileRef = F3D0DEF02C44AF1800D5EB97 /* ContentView.swift */; };
		F3D0DEF32C44AF1A00D5EB97 /* Assets.xcassets in Resources */ = {isa = PBXBuildFile; fileRef = F3D0DEF22C44AF1A00D5EB97 /* Assets.xcassets */; };
		F3D0DEF62C44AF1A00D5EB97 /* Preview Assets.xcassets in Resources */ = {isa = PBXBuildFile; fileRef = F3D0DEF52C44AF1A00D5EB97 /* Preview Assets.xcassets */; };
		F3D0DF002C44AF1A00D5EB97 /* moyeoTests.swift in Sources */ = {isa = PBXBuildFile; fileRef = F3D0DEFF2C44AF1A00D5EB97 /* moyeoTests.swift */; };
		F3D0DF0A2C44AF1A00D5EB97 /* moyeoUITests.swift in Sources */ = {isa = PBXBuildFile; fileRef = F3D0DF092C44AF1A00D5EB97 /* moyeoUITests.swift */; };
		F3D0DF0C2C44AF1A00D5EB97 /* moyeoUITestsLaunchTests.swift in Sources */ = {isa = PBXBuildFile; fileRef = F3D0DF0B2C44AF1A00D5EB97 /* moyeoUITestsLaunchTests.swift */; };
/* End PBXBuildFile section */

/* Begin PBXContainerItemProxy section */
		F3D0DEFC2C44AF1A00D5EB97 /* PBXContainerItemProxy */ = {
			isa = PBXContainerItemProxy;
			containerPortal = F3D0DEE32C44AF1800D5EB97 /* Project object */;
			proxyType = 1;
			remoteGlobalIDString = F3D0DEEA2C44AF1800D5EB97;
			remoteInfo = moyeo;
		};
		F3D0DF062C44AF1A00D5EB97 /* PBXContainerItemProxy */ = {
			isa = PBXContainerItemProxy;
			containerPortal = F3D0DEE32C44AF1800D5EB97 /* Project object */;
			proxyType = 1;
			remoteGlobalIDString = F3D0DEEA2C44AF1800D5EB97;
			remoteInfo = moyeo;
		};
/* End PBXContainerItemProxy section */

/* Begin PBXFileReference section */
		03D84C97477A0B7B7976EA7F /* Pods-moyeo-moyeoUITests.debug.xcconfig */ = {isa = PBXFileReference; includeInIndex = 1; lastKnownFileType = text.xcconfig; name = "Pods-moyeo-moyeoUITests.debug.xcconfig"; path = "Target Support Files/Pods-moyeo-moyeoUITests/Pods-moyeo-moyeoUITests.debug.xcconfig"; sourceTree = "<group>"; };
		048FD000192D071E854055A1 /* Pods-moyeo.debug.xcconfig */ = {isa = PBXFileReference; includeInIndex = 1; lastKnownFileType = text.xcconfig; name = "Pods-moyeo.debug.xcconfig"; path = "Target Support Files/Pods-moyeo/Pods-moyeo.debug.xcconfig"; sourceTree = "<group>"; };
		124B9316E3C2CA2C01FD38BE /* Pods-moyeo.release.xcconfig */ = {isa = PBXFileReference; includeInIndex = 1; lastKnownFileType = text.xcconfig; name = "Pods-moyeo.release.xcconfig"; path = "Target Support Files/Pods-moyeo/Pods-moyeo.release.xcconfig"; sourceTree = "<group>"; };
		15600AB99FF65B790E4FC4CB /* Pods-moyeoTests.release.xcconfig */ = {isa = PBXFileReference; includeInIndex = 1; lastKnownFileType = text.xcconfig; name = "Pods-moyeoTests.release.xcconfig"; path = "Target Support Files/Pods-moyeoTests/Pods-moyeoTests.release.xcconfig"; sourceTree = "<group>"; };
		613CD3E32C4F513E00D7B4E5 /* Info.plist */ = {isa = PBXFileReference; lastKnownFileType = text.plist; path = Info.plist; sourceTree = "<group>"; };
		613CD3E42C51D9A300D7B4E5 /* NMapViewController.swift */ = {isa = PBXFileReference; lastKnownFileType = sourcecode.swift; path = NMapViewController.swift; sourceTree = "<group>"; };
		613CD3E62C51E82F00D7B4E5 /* SearchPlaces.swift */ = {isa = PBXFileReference; lastKnownFileType = sourcecode.swift; path = SearchPlaces.swift; sourceTree = "<group>"; };
		6161F31E2C4F4BC000AFBFED /* TempPlaceSearchView.swift */ = {isa = PBXFileReference; lastKnownFileType = sourcecode.swift; path = TempPlaceSearchView.swift; sourceTree = "<group>"; };
		9F6F73B2343474E94B69F327 /* Pods-moyeoTests.debug.xcconfig */ = {isa = PBXFileReference; includeInIndex = 1; lastKnownFileType = text.xcconfig; name = "Pods-moyeoTests.debug.xcconfig"; path = "Target Support Files/Pods-moyeoTests/Pods-moyeoTests.debug.xcconfig"; sourceTree = "<group>"; };
		AF09EF7FDC44FF2566C136D0 /* Pods_moyeo_moyeoUITests.framework */ = {isa = PBXFileReference; explicitFileType = wrapper.framework; includeInIndex = 0; path = Pods_moyeo_moyeoUITests.framework; sourceTree = BUILT_PRODUCTS_DIR; };
		BF5322805092A8EC03FE4EFF /* Pods_moyeo.framework */ = {isa = PBXFileReference; explicitFileType = wrapper.framework; includeInIndex = 0; path = Pods_moyeo.framework; sourceTree = BUILT_PRODUCTS_DIR; };
		D632724EFAF38C8E25E8852A /* Pods-moyeo-moyeoUITests.release.xcconfig */ = {isa = PBXFileReference; includeInIndex = 1; lastKnownFileType = text.xcconfig; name = "Pods-moyeo-moyeoUITests.release.xcconfig"; path = "Target Support Files/Pods-moyeo-moyeoUITests/Pods-moyeo-moyeoUITests.release.xcconfig"; sourceTree = "<group>"; };
		E888735D8AC9AB2ACD8E5E13 /* Pods_moyeoTests.framework */ = {isa = PBXFileReference; explicitFileType = wrapper.framework; includeInIndex = 0; path = Pods_moyeoTests.framework; sourceTree = BUILT_PRODUCTS_DIR; };
		F3D0DEEB2C44AF1800D5EB97 /* moyeo.app */ = {isa = PBXFileReference; explicitFileType = wrapper.application; includeInIndex = 0; path = moyeo.app; sourceTree = BUILT_PRODUCTS_DIR; };
		F3D0DEEE2C44AF1800D5EB97 /* moyeoApp.swift */ = {isa = PBXFileReference; lastKnownFileType = sourcecode.swift; path = moyeoApp.swift; sourceTree = "<group>"; };
		F3D0DEF02C44AF1800D5EB97 /* ContentView.swift */ = {isa = PBXFileReference; lastKnownFileType = sourcecode.swift; path = ContentView.swift; sourceTree = "<group>"; };
		F3D0DEF22C44AF1A00D5EB97 /* Assets.xcassets */ = {isa = PBXFileReference; lastKnownFileType = folder.assetcatalog; path = Assets.xcassets; sourceTree = "<group>"; };
		F3D0DEF52C44AF1A00D5EB97 /* Preview Assets.xcassets */ = {isa = PBXFileReference; lastKnownFileType = folder.assetcatalog; path = "Preview Assets.xcassets"; sourceTree = "<group>"; };
		F3D0DEFB2C44AF1A00D5EB97 /* moyeoTests.xctest */ = {isa = PBXFileReference; explicitFileType = wrapper.cfbundle; includeInIndex = 0; path = moyeoTests.xctest; sourceTree = BUILT_PRODUCTS_DIR; };
		F3D0DEFF2C44AF1A00D5EB97 /* moyeoTests.swift */ = {isa = PBXFileReference; lastKnownFileType = sourcecode.swift; path = moyeoTests.swift; sourceTree = "<group>"; };
		F3D0DF052C44AF1A00D5EB97 /* moyeoUITests.xctest */ = {isa = PBXFileReference; explicitFileType = wrapper.cfbundle; includeInIndex = 0; path = moyeoUITests.xctest; sourceTree = BUILT_PRODUCTS_DIR; };
		F3D0DF092C44AF1A00D5EB97 /* moyeoUITests.swift */ = {isa = PBXFileReference; lastKnownFileType = sourcecode.swift; path = moyeoUITests.swift; sourceTree = "<group>"; };
		F3D0DF0B2C44AF1A00D5EB97 /* moyeoUITestsLaunchTests.swift */ = {isa = PBXFileReference; lastKnownFileType = sourcecode.swift; path = moyeoUITestsLaunchTests.swift; sourceTree = "<group>"; };
/* End PBXFileReference section */

/* Begin PBXFrameworksBuildPhase section */
		F3D0DEE82C44AF1800D5EB97 /* Frameworks */ = {
			isa = PBXFrameworksBuildPhase;
			buildActionMask = 2147483647;
			files = (
				7FA2B813F1371FFE82F861D6 /* Pods_moyeo.framework in Frameworks */,
			);
			runOnlyForDeploymentPostprocessing = 0;
		};
		F3D0DEF82C44AF1A00D5EB97 /* Frameworks */ = {
			isa = PBXFrameworksBuildPhase;
			buildActionMask = 2147483647;
			files = (
				EAF420E9826A6505DE3D2961 /* Pods_moyeoTests.framework in Frameworks */,
			);
			runOnlyForDeploymentPostprocessing = 0;
		};
		F3D0DF022C44AF1A00D5EB97 /* Frameworks */ = {
			isa = PBXFrameworksBuildPhase;
			buildActionMask = 2147483647;
			files = (
				37D4CCACECF5FBDF44B6D5CF /* Pods_moyeo_moyeoUITests.framework in Frameworks */,
			);
			runOnlyForDeploymentPostprocessing = 0;
		};
/* End PBXFrameworksBuildPhase section */

/* Begin PBXGroup section */
		129F6DC382D33346B93CEA1A /* Pods */ = {
			isa = PBXGroup;
			children = (
				048FD000192D071E854055A1 /* Pods-moyeo.debug.xcconfig */,
				124B9316E3C2CA2C01FD38BE /* Pods-moyeo.release.xcconfig */,
				03D84C97477A0B7B7976EA7F /* Pods-moyeo-moyeoUITests.debug.xcconfig */,
				D632724EFAF38C8E25E8852A /* Pods-moyeo-moyeoUITests.release.xcconfig */,
				9F6F73B2343474E94B69F327 /* Pods-moyeoTests.debug.xcconfig */,
				15600AB99FF65B790E4FC4CB /* Pods-moyeoTests.release.xcconfig */,
			);
			path = Pods;
			sourceTree = "<group>";
		};
		DA0441301ECE9252E0C7E204 /* Frameworks */ = {
			isa = PBXGroup;
			children = (
				BF5322805092A8EC03FE4EFF /* Pods_moyeo.framework */,
				AF09EF7FDC44FF2566C136D0 /* Pods_moyeo_moyeoUITests.framework */,
				E888735D8AC9AB2ACD8E5E13 /* Pods_moyeoTests.framework */,
			);
			name = Frameworks;
			sourceTree = "<group>";
		};
		F3D0DEE22C44AF1800D5EB97 = {
			isa = PBXGroup;
			children = (
				F3D0DEED2C44AF1800D5EB97 /* moyeo */,
				F3D0DEFE2C44AF1A00D5EB97 /* moyeoTests */,
				F3D0DF082C44AF1A00D5EB97 /* moyeoUITests */,
				F3D0DEEC2C44AF1800D5EB97 /* Products */,
				129F6DC382D33346B93CEA1A /* Pods */,
				DA0441301ECE9252E0C7E204 /* Frameworks */,
			);
			sourceTree = "<group>";
		};
		F3D0DEEC2C44AF1800D5EB97 /* Products */ = {
			isa = PBXGroup;
			children = (
				F3D0DEEB2C44AF1800D5EB97 /* moyeo.app */,
				F3D0DEFB2C44AF1A00D5EB97 /* moyeoTests.xctest */,
				F3D0DF052C44AF1A00D5EB97 /* moyeoUITests.xctest */,
			);
			name = Products;
			sourceTree = "<group>";
		};
		F3D0DEED2C44AF1800D5EB97 /* moyeo */ = {
			isa = PBXGroup;
			children = (
				613CD3E32C4F513E00D7B4E5 /* Info.plist */,
				F3D0DEEE2C44AF1800D5EB97 /* moyeoApp.swift */,
				6161F31E2C4F4BC000AFBFED /* TempPlaceSearchView.swift */,
				613CD3E42C51D9A300D7B4E5 /* NMapViewController.swift */,
				613CD3E62C51E82F00D7B4E5 /* SearchPlaces.swift */,
				F3D0DEF02C44AF1800D5EB97 /* ContentView.swift */,
				F3D0DEF22C44AF1A00D5EB97 /* Assets.xcassets */,
				F3D0DEF42C44AF1A00D5EB97 /* Preview Content */,
			);
			path = moyeo;
			sourceTree = "<group>";
		};
		F3D0DEF42C44AF1A00D5EB97 /* Preview Content */ = {
			isa = PBXGroup;
			children = (
				F3D0DEF52C44AF1A00D5EB97 /* Preview Assets.xcassets */,
			);
			path = "Preview Content";
			sourceTree = "<group>";
		};
		F3D0DEFE2C44AF1A00D5EB97 /* moyeoTests */ = {
			isa = PBXGroup;
			children = (
				F3D0DEFF2C44AF1A00D5EB97 /* moyeoTests.swift */,
			);
			path = moyeoTests;
			sourceTree = "<group>";
		};
		F3D0DF082C44AF1A00D5EB97 /* moyeoUITests */ = {
			isa = PBXGroup;
			children = (
				F3D0DF092C44AF1A00D5EB97 /* moyeoUITests.swift */,
				F3D0DF0B2C44AF1A00D5EB97 /* moyeoUITestsLaunchTests.swift */,
			);
			path = moyeoUITests;
			sourceTree = "<group>";
		};
/* End PBXGroup section */

/* Begin PBXNativeTarget section */
		F3D0DEEA2C44AF1800D5EB97 /* moyeo */ = {
			isa = PBXNativeTarget;
			buildConfigurationList = F3D0DF0F2C44AF1A00D5EB97 /* Build configuration list for PBXNativeTarget "moyeo" */;
			buildPhases = (
				FD025D5EDE297D1027C36A02 /* [CP] Check Pods Manifest.lock */,
				F3D0DEE72C44AF1800D5EB97 /* Sources */,
				F3D0DEE82C44AF1800D5EB97 /* Frameworks */,
				F3D0DEE92C44AF1800D5EB97 /* Resources */,
				F48CAFFA0616A16AD8E8FC9B /* [CP] Embed Pods Frameworks */,
			);
			buildRules = (
			);
			dependencies = (
			);
			name = moyeo;
			productName = moyeo;
			productReference = F3D0DEEB2C44AF1800D5EB97 /* moyeo.app */;
			productType = "com.apple.product-type.application";
		};
		F3D0DEFA2C44AF1A00D5EB97 /* moyeoTests */ = {
			isa = PBXNativeTarget;
			buildConfigurationList = F3D0DF122C44AF1A00D5EB97 /* Build configuration list for PBXNativeTarget "moyeoTests" */;
			buildPhases = (
				CA92C1A40DCF2318AB2E6ED3 /* [CP] Check Pods Manifest.lock */,
				F3D0DEF72C44AF1A00D5EB97 /* Sources */,
				F3D0DEF82C44AF1A00D5EB97 /* Frameworks */,
				F3D0DEF92C44AF1A00D5EB97 /* Resources */,
			);
			buildRules = (
			);
			dependencies = (
				F3D0DEFD2C44AF1A00D5EB97 /* PBXTargetDependency */,
			);
			name = moyeoTests;
			productName = moyeoTests;
			productReference = F3D0DEFB2C44AF1A00D5EB97 /* moyeoTests.xctest */;
			productType = "com.apple.product-type.bundle.unit-test";
		};
		F3D0DF042C44AF1A00D5EB97 /* moyeoUITests */ = {
			isa = PBXNativeTarget;
			buildConfigurationList = F3D0DF152C44AF1A00D5EB97 /* Build configuration list for PBXNativeTarget "moyeoUITests" */;
			buildPhases = (
				CA29633030CEDC3110118D29 /* [CP] Check Pods Manifest.lock */,
				F3D0DF012C44AF1A00D5EB97 /* Sources */,
				F3D0DF022C44AF1A00D5EB97 /* Frameworks */,
				F3D0DF032C44AF1A00D5EB97 /* Resources */,
				DABECCB63D5E0B5885C9497A /* [CP] Embed Pods Frameworks */,
			);
			buildRules = (
			);
			dependencies = (
				F3D0DF072C44AF1A00D5EB97 /* PBXTargetDependency */,
			);
			name = moyeoUITests;
			productName = moyeoUITests;
			productReference = F3D0DF052C44AF1A00D5EB97 /* moyeoUITests.xctest */;
			productType = "com.apple.product-type.bundle.ui-testing";
		};
/* End PBXNativeTarget section */

/* Begin PBXProject section */
		F3D0DEE32C44AF1800D5EB97 /* Project object */ = {
			isa = PBXProject;
			attributes = {
				BuildIndependentTargetsInParallel = 1;
				LastSwiftUpdateCheck = 1520;
				LastUpgradeCheck = 1520;
				TargetAttributes = {
					F3D0DEEA2C44AF1800D5EB97 = {
						CreatedOnToolsVersion = 15.2;
					};
					F3D0DEFA2C44AF1A00D5EB97 = {
						CreatedOnToolsVersion = 15.2;
						TestTargetID = F3D0DEEA2C44AF1800D5EB97;
					};
					F3D0DF042C44AF1A00D5EB97 = {
						CreatedOnToolsVersion = 15.2;
						TestTargetID = F3D0DEEA2C44AF1800D5EB97;
					};
				};
			};
			buildConfigurationList = F3D0DEE62C44AF1800D5EB97 /* Build configuration list for PBXProject "moyeo" */;
			compatibilityVersion = "Xcode 14.0";
			developmentRegion = en;
			hasScannedForEncodings = 0;
			knownRegions = (
				en,
				Base,
			);
			mainGroup = F3D0DEE22C44AF1800D5EB97;
			productRefGroup = F3D0DEEC2C44AF1800D5EB97 /* Products */;
			projectDirPath = "";
			projectRoot = "";
			targets = (
				F3D0DEEA2C44AF1800D5EB97 /* moyeo */,
				F3D0DEFA2C44AF1A00D5EB97 /* moyeoTests */,
				F3D0DF042C44AF1A00D5EB97 /* moyeoUITests */,
			);
		};
/* End PBXProject section */

/* Begin PBXResourcesBuildPhase section */
		F3D0DEE92C44AF1800D5EB97 /* Resources */ = {
			isa = PBXResourcesBuildPhase;
			buildActionMask = 2147483647;
			files = (
				F3D0DEF62C44AF1A00D5EB97 /* Preview Assets.xcassets in Resources */,
				F3D0DEF32C44AF1A00D5EB97 /* Assets.xcassets in Resources */,
			);
			runOnlyForDeploymentPostprocessing = 0;
		};
		F3D0DEF92C44AF1A00D5EB97 /* Resources */ = {
			isa = PBXResourcesBuildPhase;
			buildActionMask = 2147483647;
			files = (
			);
			runOnlyForDeploymentPostprocessing = 0;
		};
		F3D0DF032C44AF1A00D5EB97 /* Resources */ = {
			isa = PBXResourcesBuildPhase;
			buildActionMask = 2147483647;
			files = (
			);
			runOnlyForDeploymentPostprocessing = 0;
		};
/* End PBXResourcesBuildPhase section */

/* Begin PBXShellScriptBuildPhase section */
		CA29633030CEDC3110118D29 /* [CP] Check Pods Manifest.lock */ = {
			isa = PBXShellScriptBuildPhase;
			buildActionMask = 2147483647;
			files = (
			);
			inputFileListPaths = (
			);
			inputPaths = (
				"${PODS_PODFILE_DIR_PATH}/Podfile.lock",
				"${PODS_ROOT}/Manifest.lock",
			);
			name = "[CP] Check Pods Manifest.lock";
			outputFileListPaths = (
			);
			outputPaths = (
				"$(DERIVED_FILE_DIR)/Pods-moyeo-moyeoUITests-checkManifestLockResult.txt",
			);
			runOnlyForDeploymentPostprocessing = 0;
			shellPath = /bin/sh;
			shellScript = "diff \"${PODS_PODFILE_DIR_PATH}/Podfile.lock\" \"${PODS_ROOT}/Manifest.lock\" > /dev/null\nif [ $? != 0 ] ; then\n    # print error to STDERR\n    echo \"error: The sandbox is not in sync with the Podfile.lock. Run 'pod install' or update your CocoaPods installation.\" >&2\n    exit 1\nfi\n# This output is used by Xcode 'outputs' to avoid re-running this script phase.\necho \"SUCCESS\" > \"${SCRIPT_OUTPUT_FILE_0}\"\n";
			showEnvVarsInLog = 0;
		};
		CA92C1A40DCF2318AB2E6ED3 /* [CP] Check Pods Manifest.lock */ = {
			isa = PBXShellScriptBuildPhase;
			buildActionMask = 2147483647;
			files = (
			);
			inputFileListPaths = (
			);
			inputPaths = (
				"${PODS_PODFILE_DIR_PATH}/Podfile.lock",
				"${PODS_ROOT}/Manifest.lock",
			);
			name = "[CP] Check Pods Manifest.lock";
			outputFileListPaths = (
			);
			outputPaths = (
				"$(DERIVED_FILE_DIR)/Pods-moyeoTests-checkManifestLockResult.txt",
			);
			runOnlyForDeploymentPostprocessing = 0;
			shellPath = /bin/sh;
			shellScript = "diff \"${PODS_PODFILE_DIR_PATH}/Podfile.lock\" \"${PODS_ROOT}/Manifest.lock\" > /dev/null\nif [ $? != 0 ] ; then\n    # print error to STDERR\n    echo \"error: The sandbox is not in sync with the Podfile.lock. Run 'pod install' or update your CocoaPods installation.\" >&2\n    exit 1\nfi\n# This output is used by Xcode 'outputs' to avoid re-running this script phase.\necho \"SUCCESS\" > \"${SCRIPT_OUTPUT_FILE_0}\"\n";
			showEnvVarsInLog = 0;
		};
		DABECCB63D5E0B5885C9497A /* [CP] Embed Pods Frameworks */ = {
			isa = PBXShellScriptBuildPhase;
			buildActionMask = 2147483647;
			files = (
			);
			inputFileListPaths = (
				"${PODS_ROOT}/Target Support Files/Pods-moyeo-moyeoUITests/Pods-moyeo-moyeoUITests-frameworks-${CONFIGURATION}-input-files.xcfilelist",
			);
			name = "[CP] Embed Pods Frameworks";
			outputFileListPaths = (
				"${PODS_ROOT}/Target Support Files/Pods-moyeo-moyeoUITests/Pods-moyeo-moyeoUITests-frameworks-${CONFIGURATION}-output-files.xcfilelist",
			);
			runOnlyForDeploymentPostprocessing = 0;
			shellPath = /bin/sh;
			shellScript = "\"${PODS_ROOT}/Target Support Files/Pods-moyeo-moyeoUITests/Pods-moyeo-moyeoUITests-frameworks.sh\"\n";
			showEnvVarsInLog = 0;
		};
		F48CAFFA0616A16AD8E8FC9B /* [CP] Embed Pods Frameworks */ = {
			isa = PBXShellScriptBuildPhase;
			buildActionMask = 2147483647;
			files = (
			);
			inputFileListPaths = (
				"${PODS_ROOT}/Target Support Files/Pods-moyeo/Pods-moyeo-frameworks-${CONFIGURATION}-input-files.xcfilelist",
			);
			name = "[CP] Embed Pods Frameworks";
			outputFileListPaths = (
				"${PODS_ROOT}/Target Support Files/Pods-moyeo/Pods-moyeo-frameworks-${CONFIGURATION}-output-files.xcfilelist",
			);
			runOnlyForDeploymentPostprocessing = 0;
			shellPath = /bin/sh;
			shellScript = "\"${PODS_ROOT}/Target Support Files/Pods-moyeo/Pods-moyeo-frameworks.sh\"\n";
			showEnvVarsInLog = 0;
		};
		FD025D5EDE297D1027C36A02 /* [CP] Check Pods Manifest.lock */ = {
			isa = PBXShellScriptBuildPhase;
			buildActionMask = 2147483647;
			files = (
			);
			inputFileListPaths = (
			);
			inputPaths = (
				"${PODS_PODFILE_DIR_PATH}/Podfile.lock",
				"${PODS_ROOT}/Manifest.lock",
			);
			name = "[CP] Check Pods Manifest.lock";
			outputFileListPaths = (
			);
			outputPaths = (
				"$(DERIVED_FILE_DIR)/Pods-moyeo-checkManifestLockResult.txt",
			);
			runOnlyForDeploymentPostprocessing = 0;
			shellPath = /bin/sh;
			shellScript = "diff \"${PODS_PODFILE_DIR_PATH}/Podfile.lock\" \"${PODS_ROOT}/Manifest.lock\" > /dev/null\nif [ $? != 0 ] ; then\n    # print error to STDERR\n    echo \"error: The sandbox is not in sync with the Podfile.lock. Run 'pod install' or update your CocoaPods installation.\" >&2\n    exit 1\nfi\n# This output is used by Xcode 'outputs' to avoid re-running this script phase.\necho \"SUCCESS\" > \"${SCRIPT_OUTPUT_FILE_0}\"\n";
			showEnvVarsInLog = 0;
		};
/* End PBXShellScriptBuildPhase section */

/* Begin PBXSourcesBuildPhase section */
		F3D0DEE72C44AF1800D5EB97 /* Sources */ = {
			isa = PBXSourcesBuildPhase;
			buildActionMask = 2147483647;
			files = (
				F3D0DEF12C44AF1800D5EB97 /* ContentView.swift in Sources */,
				F3D0DEEF2C44AF1800D5EB97 /* moyeoApp.swift in Sources */,
				613CD3E72C51E82F00D7B4E5 /* SearchPlaces.swift in Sources */,
				6161F31F2C4F4BC000AFBFED /* TempPlaceSearchView.swift in Sources */,
				613CD3E52C51D9A300D7B4E5 /* NMapViewController.swift in Sources */,
			);
			runOnlyForDeploymentPostprocessing = 0;
		};
		F3D0DEF72C44AF1A00D5EB97 /* Sources */ = {
			isa = PBXSourcesBuildPhase;
			buildActionMask = 2147483647;
			files = (
				F3D0DF002C44AF1A00D5EB97 /* moyeoTests.swift in Sources */,
			);
			runOnlyForDeploymentPostprocessing = 0;
		};
		F3D0DF012C44AF1A00D5EB97 /* Sources */ = {
			isa = PBXSourcesBuildPhase;
			buildActionMask = 2147483647;
			files = (
				F3D0DF0C2C44AF1A00D5EB97 /* moyeoUITestsLaunchTests.swift in Sources */,
				F3D0DF0A2C44AF1A00D5EB97 /* moyeoUITests.swift in Sources */,
			);
			runOnlyForDeploymentPostprocessing = 0;
		};
/* End PBXSourcesBuildPhase section */

/* Begin PBXTargetDependency section */
		F3D0DEFD2C44AF1A00D5EB97 /* PBXTargetDependency */ = {
			isa = PBXTargetDependency;
			target = F3D0DEEA2C44AF1800D5EB97 /* moyeo */;
			targetProxy = F3D0DEFC2C44AF1A00D5EB97 /* PBXContainerItemProxy */;
		};
		F3D0DF072C44AF1A00D5EB97 /* PBXTargetDependency */ = {
			isa = PBXTargetDependency;
			target = F3D0DEEA2C44AF1800D5EB97 /* moyeo */;
			targetProxy = F3D0DF062C44AF1A00D5EB97 /* PBXContainerItemProxy */;
		};
/* End PBXTargetDependency section */

/* Begin XCBuildConfiguration section */
		F3D0DF0D2C44AF1A00D5EB97 /* Debug */ = {
			isa = XCBuildConfiguration;
			buildSettings = {
				ALWAYS_SEARCH_USER_PATHS = NO;
				ASSETCATALOG_COMPILER_GENERATE_SWIFT_ASSET_SYMBOL_EXTENSIONS = YES;
				CLANG_ANALYZER_NONNULL = YES;
				CLANG_ANALYZER_NUMBER_OBJECT_CONVERSION = YES_AGGRESSIVE;
				CLANG_CXX_LANGUAGE_STANDARD = "gnu++20";
				CLANG_ENABLE_MODULES = YES;
				CLANG_ENABLE_OBJC_ARC = YES;
				CLANG_ENABLE_OBJC_WEAK = YES;
				CLANG_WARN_BLOCK_CAPTURE_AUTORELEASING = YES;
				CLANG_WARN_BOOL_CONVERSION = YES;
				CLANG_WARN_COMMA = YES;
				CLANG_WARN_CONSTANT_CONVERSION = YES;
				CLANG_WARN_DEPRECATED_OBJC_IMPLEMENTATIONS = YES;
				CLANG_WARN_DIRECT_OBJC_ISA_USAGE = YES_ERROR;
				CLANG_WARN_DOCUMENTATION_COMMENTS = YES;
				CLANG_WARN_EMPTY_BODY = YES;
				CLANG_WARN_ENUM_CONVERSION = YES;
				CLANG_WARN_INFINITE_RECURSION = YES;
				CLANG_WARN_INT_CONVERSION = YES;
				CLANG_WARN_NON_LITERAL_NULL_CONVERSION = YES;
				CLANG_WARN_OBJC_IMPLICIT_RETAIN_SELF = YES;
				CLANG_WARN_OBJC_LITERAL_CONVERSION = YES;
				CLANG_WARN_OBJC_ROOT_CLASS = YES_ERROR;
				CLANG_WARN_QUOTED_INCLUDE_IN_FRAMEWORK_HEADER = YES;
				CLANG_WARN_RANGE_LOOP_ANALYSIS = YES;
				CLANG_WARN_STRICT_PROTOTYPES = YES;
				CLANG_WARN_SUSPICIOUS_MOVE = YES;
				CLANG_WARN_UNGUARDED_AVAILABILITY = YES_AGGRESSIVE;
				CLANG_WARN_UNREACHABLE_CODE = YES;
				CLANG_WARN__DUPLICATE_METHOD_MATCH = YES;
				COPY_PHASE_STRIP = NO;
				DEBUG_INFORMATION_FORMAT = dwarf;
				ENABLE_STRICT_OBJC_MSGSEND = YES;
				ENABLE_TESTABILITY = YES;
				ENABLE_USER_SCRIPT_SANDBOXING = YES;
				GCC_C_LANGUAGE_STANDARD = gnu17;
				GCC_DYNAMIC_NO_PIC = NO;
				GCC_NO_COMMON_BLOCKS = YES;
				GCC_OPTIMIZATION_LEVEL = 0;
				GCC_PREPROCESSOR_DEFINITIONS = (
					"DEBUG=1",
					"$(inherited)",
				);
				GCC_WARN_64_TO_32_BIT_CONVERSION = YES;
				GCC_WARN_ABOUT_RETURN_TYPE = YES_ERROR;
				GCC_WARN_UNDECLARED_SELECTOR = YES;
				GCC_WARN_UNINITIALIZED_AUTOS = YES_AGGRESSIVE;
				GCC_WARN_UNUSED_FUNCTION = YES;
				GCC_WARN_UNUSED_VARIABLE = YES;
				IPHONEOS_DEPLOYMENT_TARGET = 17.2;
				LOCALIZATION_PREFERS_STRING_CATALOGS = YES;
				MTL_ENABLE_DEBUG_INFO = INCLUDE_SOURCE;
				MTL_FAST_MATH = YES;
				ONLY_ACTIVE_ARCH = YES;
				SDKROOT = iphoneos;
				SWIFT_ACTIVE_COMPILATION_CONDITIONS = "DEBUG $(inherited)";
				SWIFT_OPTIMIZATION_LEVEL = "-Onone";
			};
			name = Debug;
		};
		F3D0DF0E2C44AF1A00D5EB97 /* Release */ = {
			isa = XCBuildConfiguration;
			buildSettings = {
				ALWAYS_SEARCH_USER_PATHS = NO;
				ASSETCATALOG_COMPILER_GENERATE_SWIFT_ASSET_SYMBOL_EXTENSIONS = YES;
				CLANG_ANALYZER_NONNULL = YES;
				CLANG_ANALYZER_NUMBER_OBJECT_CONVERSION = YES_AGGRESSIVE;
				CLANG_CXX_LANGUAGE_STANDARD = "gnu++20";
				CLANG_ENABLE_MODULES = YES;
				CLANG_ENABLE_OBJC_ARC = YES;
				CLANG_ENABLE_OBJC_WEAK = YES;
				CLANG_WARN_BLOCK_CAPTURE_AUTORELEASING = YES;
				CLANG_WARN_BOOL_CONVERSION = YES;
				CLANG_WARN_COMMA = YES;
				CLANG_WARN_CONSTANT_CONVERSION = YES;
				CLANG_WARN_DEPRECATED_OBJC_IMPLEMENTATIONS = YES;
				CLANG_WARN_DIRECT_OBJC_ISA_USAGE = YES_ERROR;
				CLANG_WARN_DOCUMENTATION_COMMENTS = YES;
				CLANG_WARN_EMPTY_BODY = YES;
				CLANG_WARN_ENUM_CONVERSION = YES;
				CLANG_WARN_INFINITE_RECURSION = YES;
				CLANG_WARN_INT_CONVERSION = YES;
				CLANG_WARN_NON_LITERAL_NULL_CONVERSION = YES;
				CLANG_WARN_OBJC_IMPLICIT_RETAIN_SELF = YES;
				CLANG_WARN_OBJC_LITERAL_CONVERSION = YES;
				CLANG_WARN_OBJC_ROOT_CLASS = YES_ERROR;
				CLANG_WARN_QUOTED_INCLUDE_IN_FRAMEWORK_HEADER = YES;
				CLANG_WARN_RANGE_LOOP_ANALYSIS = YES;
				CLANG_WARN_STRICT_PROTOTYPES = YES;
				CLANG_WARN_SUSPICIOUS_MOVE = YES;
				CLANG_WARN_UNGUARDED_AVAILABILITY = YES_AGGRESSIVE;
				CLANG_WARN_UNREACHABLE_CODE = YES;
				CLANG_WARN__DUPLICATE_METHOD_MATCH = YES;
				COPY_PHASE_STRIP = NO;
				DEBUG_INFORMATION_FORMAT = "dwarf-with-dsym";
				ENABLE_NS_ASSERTIONS = NO;
				ENABLE_STRICT_OBJC_MSGSEND = YES;
				ENABLE_USER_SCRIPT_SANDBOXING = YES;
				GCC_C_LANGUAGE_STANDARD = gnu17;
				GCC_NO_COMMON_BLOCKS = YES;
				GCC_WARN_64_TO_32_BIT_CONVERSION = YES;
				GCC_WARN_ABOUT_RETURN_TYPE = YES_ERROR;
				GCC_WARN_UNDECLARED_SELECTOR = YES;
				GCC_WARN_UNINITIALIZED_AUTOS = YES_AGGRESSIVE;
				GCC_WARN_UNUSED_FUNCTION = YES;
				GCC_WARN_UNUSED_VARIABLE = YES;
				IPHONEOS_DEPLOYMENT_TARGET = 17.2;
				LOCALIZATION_PREFERS_STRING_CATALOGS = YES;
				MTL_ENABLE_DEBUG_INFO = NO;
				MTL_FAST_MATH = YES;
				SDKROOT = iphoneos;
				SWIFT_COMPILATION_MODE = wholemodule;
				VALIDATE_PRODUCT = YES;
			};
			name = Release;
		};
		F3D0DF102C44AF1A00D5EB97 /* Debug */ = {
			isa = XCBuildConfiguration;
			baseConfigurationReference = 048FD000192D071E854055A1 /* Pods-moyeo.debug.xcconfig */;
			buildSettings = {
				ASSETCATALOG_COMPILER_APPICON_NAME = AppIcon;
				ASSETCATALOG_COMPILER_GLOBAL_ACCENT_COLOR_NAME = AccentColor;
				CODE_SIGN_STYLE = Automatic;
				CURRENT_PROJECT_VERSION = 1;
				DEVELOPMENT_ASSET_PATHS = "\"moyeo/Preview Content\"";
				DEVELOPMENT_TEAM = TA9TKWGKS3;
				ENABLE_PREVIEWS = YES;
				ENABLE_USER_SCRIPT_SANDBOXING = NO;
				GENERATE_INFOPLIST_FILE = YES;
				INFOPLIST_FILE = moyeo/Info.plist;
				INFOPLIST_KEY_LSApplicationCategoryType = "";
				INFOPLIST_KEY_UIApplicationSceneManifest_Generation = YES;
				INFOPLIST_KEY_UIApplicationSupportsIndirectInputEvents = YES;
				INFOPLIST_KEY_UILaunchScreen_Generation = YES;
				INFOPLIST_KEY_UISupportedInterfaceOrientations_iPad = "UIInterfaceOrientationPortrait UIInterfaceOrientationPortraitUpsideDown UIInterfaceOrientationLandscapeLeft UIInterfaceOrientationLandscapeRight";
				INFOPLIST_KEY_UISupportedInterfaceOrientations_iPhone = "UIInterfaceOrientationPortrait UIInterfaceOrientationLandscapeLeft UIInterfaceOrientationLandscapeRight";
				LD_RUNPATH_SEARCH_PATHS = (
					"$(inherited)",
					"@executable_path/Frameworks",
				);
				MARKETING_VERSION = 1.0;
				PRODUCT_BUNDLE_IDENTIFIER = com.otechdong.moyeo;
				PRODUCT_NAME = "$(TARGET_NAME)";
				SWIFT_EMIT_LOC_STRINGS = YES;
				SWIFT_VERSION = 5.0;
				TARGETED_DEVICE_FAMILY = "1,2";
			};
			name = Debug;
		};
		F3D0DF112C44AF1A00D5EB97 /* Release */ = {
			isa = XCBuildConfiguration;
			baseConfigurationReference = 124B9316E3C2CA2C01FD38BE /* Pods-moyeo.release.xcconfig */;
			buildSettings = {
				ASSETCATALOG_COMPILER_APPICON_NAME = AppIcon;
				ASSETCATALOG_COMPILER_GLOBAL_ACCENT_COLOR_NAME = AccentColor;
				CODE_SIGN_STYLE = Automatic;
				CURRENT_PROJECT_VERSION = 1;
				DEVELOPMENT_ASSET_PATHS = "\"moyeo/Preview Content\"";
				DEVELOPMENT_TEAM = TA9TKWGKS3;
				ENABLE_PREVIEWS = YES;
				ENABLE_USER_SCRIPT_SANDBOXING = NO;
				GENERATE_INFOPLIST_FILE = YES;
				INFOPLIST_FILE = moyeo/Info.plist;
				INFOPLIST_KEY_LSApplicationCategoryType = "";
				INFOPLIST_KEY_UIApplicationSceneManifest_Generation = YES;
				INFOPLIST_KEY_UIApplicationSupportsIndirectInputEvents = YES;
				INFOPLIST_KEY_UILaunchScreen_Generation = YES;
				INFOPLIST_KEY_UISupportedInterfaceOrientations_iPad = "UIInterfaceOrientationPortrait UIInterfaceOrientationPortraitUpsideDown UIInterfaceOrientationLandscapeLeft UIInterfaceOrientationLandscapeRight";
				INFOPLIST_KEY_UISupportedInterfaceOrientations_iPhone = "UIInterfaceOrientationPortrait UIInterfaceOrientationLandscapeLeft UIInterfaceOrientationLandscapeRight";
				LD_RUNPATH_SEARCH_PATHS = (
					"$(inherited)",
					"@executable_path/Frameworks",
				);
				MARKETING_VERSION = 1.0;
				PRODUCT_BUNDLE_IDENTIFIER = com.otechdong.moyeo.Trudy;
				PRODUCT_NAME = "$(TARGET_NAME)";
				SWIFT_EMIT_LOC_STRINGS = YES;
				SWIFT_VERSION = 5.0;
				TARGETED_DEVICE_FAMILY = "1,2";
			};
			name = Release;
		};
		F3D0DF132C44AF1A00D5EB97 /* Debug */ = {
			isa = XCBuildConfiguration;
			baseConfigurationReference = 9F6F73B2343474E94B69F327 /* Pods-moyeoTests.debug.xcconfig */;
			buildSettings = {
				ALWAYS_EMBED_SWIFT_STANDARD_LIBRARIES = YES;
				BUNDLE_LOADER = "$(TEST_HOST)";
				CODE_SIGN_STYLE = Automatic;
				CURRENT_PROJECT_VERSION = 1;
				DEVELOPMENT_TEAM = U5F437QJA7;
				GENERATE_INFOPLIST_FILE = YES;
				IPHONEOS_DEPLOYMENT_TARGET = 17.2;
				MARKETING_VERSION = 1.0;
				PRODUCT_BUNDLE_IDENTIFIER = com.otechdong.moyeoTests;
				PRODUCT_NAME = "$(TARGET_NAME)";
				SWIFT_EMIT_LOC_STRINGS = NO;
				SWIFT_VERSION = 5.0;
				TARGETED_DEVICE_FAMILY = "1,2";
				TEST_HOST = "$(BUILT_PRODUCTS_DIR)/moyeo.app/$(BUNDLE_EXECUTABLE_FOLDER_PATH)/moyeo";
			};
			name = Debug;
		};
		F3D0DF142C44AF1A00D5EB97 /* Release */ = {
			isa = XCBuildConfiguration;
			baseConfigurationReference = 15600AB99FF65B790E4FC4CB /* Pods-moyeoTests.release.xcconfig */;
			buildSettings = {
				ALWAYS_EMBED_SWIFT_STANDARD_LIBRARIES = YES;
				BUNDLE_LOADER = "$(TEST_HOST)";
				CODE_SIGN_STYLE = Automatic;
				CURRENT_PROJECT_VERSION = 1;
				DEVELOPMENT_TEAM = U5F437QJA7;
				GENERATE_INFOPLIST_FILE = YES;
				IPHONEOS_DEPLOYMENT_TARGET = 17.2;
				MARKETING_VERSION = 1.0;
				PRODUCT_BUNDLE_IDENTIFIER = com.otechdong.moyeoTests;
				PRODUCT_NAME = "$(TARGET_NAME)";
				SWIFT_EMIT_LOC_STRINGS = NO;
				SWIFT_VERSION = 5.0;
				TARGETED_DEVICE_FAMILY = "1,2";
				TEST_HOST = "$(BUILT_PRODUCTS_DIR)/moyeo.app/$(BUNDLE_EXECUTABLE_FOLDER_PATH)/moyeo";
			};
			name = Release;
		};
		F3D0DF162C44AF1A00D5EB97 /* Debug */ = {
			isa = XCBuildConfiguration;
			baseConfigurationReference = 03D84C97477A0B7B7976EA7F /* Pods-moyeo-moyeoUITests.debug.xcconfig */;
			buildSettings = {
				ALWAYS_EMBED_SWIFT_STANDARD_LIBRARIES = YES;
				CODE_SIGN_STYLE = Automatic;
				CURRENT_PROJECT_VERSION = 1;
				DEVELOPMENT_TEAM = U5F437QJA7;
				GENERATE_INFOPLIST_FILE = YES;
				MARKETING_VERSION = 1.0;
				PRODUCT_BUNDLE_IDENTIFIER = com.otechdong.moyeoUITests;
				PRODUCT_NAME = "$(TARGET_NAME)";
				SWIFT_EMIT_LOC_STRINGS = NO;
				SWIFT_VERSION = 5.0;
				TARGETED_DEVICE_FAMILY = "1,2";
				TEST_TARGET_NAME = moyeo;
			};
			name = Debug;
		};
		F3D0DF172C44AF1A00D5EB97 /* Release */ = {
			isa = XCBuildConfiguration;
			baseConfigurationReference = D632724EFAF38C8E25E8852A /* Pods-moyeo-moyeoUITests.release.xcconfig */;
			buildSettings = {
				ALWAYS_EMBED_SWIFT_STANDARD_LIBRARIES = YES;
				CODE_SIGN_STYLE = Automatic;
				CURRENT_PROJECT_VERSION = 1;
				DEVELOPMENT_TEAM = U5F437QJA7;
				GENERATE_INFOPLIST_FILE = YES;
				MARKETING_VERSION = 1.0;
				PRODUCT_BUNDLE_IDENTIFIER = com.otechdong.moyeoUITests;
				PRODUCT_NAME = "$(TARGET_NAME)";
				SWIFT_EMIT_LOC_STRINGS = NO;
				SWIFT_VERSION = 5.0;
				TARGETED_DEVICE_FAMILY = "1,2";
				TEST_TARGET_NAME = moyeo;
			};
			name = Release;
		};
/* End XCBuildConfiguration section */

/* Begin XCConfigurationList section */
		F3D0DEE62C44AF1800D5EB97 /* Build configuration list for PBXProject "moyeo" */ = {
			isa = XCConfigurationList;
			buildConfigurations = (
				F3D0DF0D2C44AF1A00D5EB97 /* Debug */,
				F3D0DF0E2C44AF1A00D5EB97 /* Release */,
			);
			defaultConfigurationIsVisible = 0;
			defaultConfigurationName = Release;
		};
		F3D0DF0F2C44AF1A00D5EB97 /* Build configuration list for PBXNativeTarget "moyeo" */ = {
			isa = XCConfigurationList;
			buildConfigurations = (
				F3D0DF102C44AF1A00D5EB97 /* Debug */,
				F3D0DF112C44AF1A00D5EB97 /* Release */,
			);
			defaultConfigurationIsVisible = 0;
			defaultConfigurationName = Release;
		};
		F3D0DF122C44AF1A00D5EB97 /* Build configuration list for PBXNativeTarget "moyeoTests" */ = {
			isa = XCConfigurationList;
			buildConfigurations = (
				F3D0DF132C44AF1A00D5EB97 /* Debug */,
				F3D0DF142C44AF1A00D5EB97 /* Release */,
			);
			defaultConfigurationIsVisible = 0;
			defaultConfigurationName = Release;
		};
		F3D0DF152C44AF1A00D5EB97 /* Build configuration list for PBXNativeTarget "moyeoUITests" */ = {
			isa = XCConfigurationList;
			buildConfigurations = (
				F3D0DF162C44AF1A00D5EB97 /* Debug */,
				F3D0DF172C44AF1A00D5EB97 /* Release */,
			);
			defaultConfigurationIsVisible = 0;
			defaultConfigurationName = Release;
		};
/* End XCConfigurationList section */
	};
	rootObject = F3D0DEE32C44AF1800D5EB97 /* Project object */;
}
